
Microsoft Visual Studio Solution File, Format Version 12.00
# Visual Studio Version 17
VisualStudioVersion = 17.1.31911.260
MinimumVisualStudioVersion = 10.0.40219.1
Project("{9A19103F-16F7-4668-BE54-9A1E7A4F7556}") = "InitOnlyProperties", "InitOnlyProperties.csproj", "{FBC022E5-0978-4B5E-8AEE-FC6ADCD2B384}"
EndProject
Global
	GlobalSection(SolutionConfigurationPlatforms) = preSolution
		Debug|Any CPU = Debug|Any CPU
		Release|Any CPU = Release|Any CPU
	EndGlobalSection
	GlobalSection(ProjectConfigurationPlatforms) = postSolution
		{FBC022E5-0978-4B5E-8AEE-FC6ADCD2B384}.Debug|Any CPU.ActiveCfg = Debug|Any CPU
		{FBC022E5-0978-4B5E-8AEE-FC6ADCD2B384}.Debug|Any CPU.Build.0 = Debug|Any CPU
		{FBC022E5-0978-4B5E-8AEE-FC6ADCD2B384}.Release|Any CPU.ActiveCfg = Release|Any CPU
		{FBC022E5-0978-4B5E-8AEE-FC6ADCD2B384}.Release|Any CPU.Build.0 = Release|Any CPU
	EndGlobalSection
	GlobalSection(SolutionProperties) = preSolution
		HideSolutionNode = FALSE
	EndGlobalSection
	GlobalSection(ExtensibilityGlobals) = postSolution
		SolutionGuid = {62C5D669-4343-4755-84B1-6177125FC964}
	EndGlobalSection
EndGlobal
