
Microsoft Visual Studio Solution File, Format Version 12.00
# Visual Studio 15
VisualStudioVersion = 15.0.26124.0
MinimumVisualStudioVersion = 15.0.26124.0
Project("{2150E333-8FDC-42A3-9474-1A3956D46DE8}") = "src", "src", "{90C42682-0C02-4089-A4B7-2990746DF4C9}"
EndProject
Project("{2150E333-8FDC-42A3-9474-1A3956D46DE8}") = "test", "test", "{C47608F4-EE8C-4217-90BF-0F5ABBB626BF}"
EndProject
Project("{9A19103F-16F7-4668-BE54-9A1E7A4F7556}") = "MyApp", "src\MyApp\MyApp.csproj", "{E76AA068-6CDA-4CB1-972F-93BD4BCE504F}"
EndProject
Project("{9A19103F-16F7-4668-BE54-9A1E7A4F7556}") = "MyApp.Tests", "test\MyApp.Tests\MyApp.Tests.csproj", "{AADE1589-7BCC-43F8-89E5-6B376569CE6E}"
EndProject
Project("{9A19103F-16F7-4668-BE54-9A1E7A4F7556}") = "FunctionalTests", "test\FunctionalTests\FunctionalTests.csproj", "{F5B89340-CC62-43D2-A75A-1D57A496437F}"
EndProject
Global
	GlobalSection(SolutionConfigurationPlatforms) = preSolution
		Debug|Any CPU = Debug|Any CPU
		Release|Any CPU = Release|Any CPU
	EndGlobalSection
	GlobalSection(ProjectConfigurationPlatforms) = postSolution
		{E76AA068-6CDA-4CB1-972F-93BD4BCE504F}.Debug|Any CPU.ActiveCfg = Debug|Any CPU
		{E76AA068-6CDA-4CB1-972F-93BD4BCE504F}.Debug|Any CPU.Build.0 = Debug|Any CPU
		{E76AA068-6CDA-4CB1-972F-93BD4BCE504F}.Release|Any CPU.ActiveCfg = Release|Any CPU
		{E76AA068-6CDA-4CB1-972F-93BD4BCE504F}.Release|Any CPU.Build.0 = Release|Any CPU
		{AADE1589-7BCC-43F8-89E5-6B376569CE6E}.Debug|Any CPU.ActiveCfg = Debug|Any CPU
		{AADE1589-7BCC-43F8-89E5-6B376569CE6E}.Debug|Any CPU.Build.0 = Debug|Any CPU
		{AADE1589-7BCC-43F8-89E5-6B376569CE6E}.Release|Any CPU.ActiveCfg = Release|Any CPU
		{AADE1589-7BCC-43F8-89E5-6B376569CE6E}.Release|Any CPU.Build.0 = Release|Any CPU
		{F5B89340-CC62-43D2-A75A-1D57A496437F}.Debug|Any CPU.ActiveCfg = Debug|Any CPU
		{F5B89340-CC62-43D2-A75A-1D57A496437F}.Debug|Any CPU.Build.0 = Debug|Any CPU
		{F5B89340-CC62-43D2-A75A-1D57A496437F}.Release|Any CPU.ActiveCfg = Release|Any CPU
		{F5B89340-CC62-43D2-A75A-1D57A496437F}.Release|Any CPU.Build.0 = Release|Any CPU
	EndGlobalSection
	GlobalSection(SolutionProperties) = preSolution
		HideSolutionNode = FALSE
	EndGlobalSection
	GlobalSection(NestedProjects) = preSolution
		{E76AA068-6CDA-4CB1-972F-93BD4BCE504F} = {90C42682-0C02-4089-A4B7-2990746DF4C9}
		{AADE1589-7BCC-43F8-89E5-6B376569CE6E} = {C47608F4-EE8C-4217-90BF-0F5ABBB626BF}
		{F5B89340-CC62-43D2-A75A-1D57A496437F} = {C47608F4-EE8C-4217-90BF-0F5ABBB626BF}
	EndGlobalSection
	GlobalSection(ExtensibilityGlobals) = postSolution
		SolutionGuid = {024DD225-D31A-4995-94AB-53406A50B63C}
	EndGlobalSection
EndGlobal
