
Microsoft Visual Studio Solution File, Format Version 12.00
# Visual Studio 15
VisualStudioVersion = 15.0.26124.0
MinimumVisualStudioVersion = 15.0.26124.0
Project("{FAE04EC0-301F-11D3-BF4B-00C04F79EFBC}") = "LSP", "LSP\LSP.csproj", "{275B97BE-F446-46E3-8103-18F2486A1975}"
EndProject
Project("{FAE04EC0-301F-11D3-BF4B-00C04F79EFBC}") = "LSP.Tests", "LSP.Tests\LSP.Tests.csproj", "{79C6D26E-2619-4AD2-9836-44103F541AAE}"
EndProject
Global
	GlobalSection(SolutionConfigurationPlatforms) = preSolution
		Debug|Any CPU = Debug|Any CPU
		Debug|x64 = Debug|x64
		Debug|x86 = Debug|x86
		Release|Any CPU = Release|Any CPU
		Release|x64 = Release|x64
		Release|x86 = Release|x86
	EndGlobalSection
	GlobalSection(ProjectConfigurationPlatforms) = postSolution
		{275B97BE-F446-46E3-8103-18F2486A1975}.Debug|Any CPU.ActiveCfg = Debug|Any CPU
		{275B97BE-F446-46E3-8103-18F2486A1975}.Debug|Any CPU.Build.0 = Debug|Any CPU
		{275B97BE-F446-46E3-8103-18F2486A1975}.Debug|x64.ActiveCfg = Debug|Any CPU
		{275B97BE-F446-46E3-8103-18F2486A1975}.Debug|x64.Build.0 = Debug|Any CPU
		{275B97BE-F446-46E3-8103-18F2486A1975}.Debug|x86.ActiveCfg = Debug|Any CPU
		{275B97BE-F446-46E3-8103-18F2486A1975}.Debug|x86.Build.0 = Debug|Any CPU
		{275B97BE-F446-46E3-8103-18F2486A1975}.Release|Any CPU.ActiveCfg = Release|Any CPU
		{275B97BE-F446-46E3-8103-18F2486A1975}.Release|Any CPU.Build.0 = Release|Any CPU
		{275B97BE-F446-46E3-8103-18F2486A1975}.Release|x64.ActiveCfg = Release|Any CPU
		{275B97BE-F446-46E3-8103-18F2486A1975}.Release|x64.Build.0 = Release|Any CPU
		{275B97BE-F446-46E3-8103-18F2486A1975}.Release|x86.ActiveCfg = Release|Any CPU
		{275B97BE-F446-46E3-8103-18F2486A1975}.Release|x86.Build.0 = Release|Any CPU
		{79C6D26E-2619-4AD2-9836-44103F541AAE}.Debug|Any CPU.ActiveCfg = Debug|Any CPU
		{79C6D26E-2619-4AD2-9836-44103F541AAE}.Debug|Any CPU.Build.0 = Debug|Any CPU
		{79C6D26E-2619-4AD2-9836-44103F541AAE}.Debug|x64.ActiveCfg = Debug|Any CPU
		{79C6D26E-2619-4AD2-9836-44103F541AAE}.Debug|x64.Build.0 = Debug|Any CPU
		{79C6D26E-2619-4AD2-9836-44103F541AAE}.Debug|x86.ActiveCfg = Debug|Any CPU
		{79C6D26E-2619-4AD2-9836-44103F541AAE}.Debug|x86.Build.0 = Debug|Any CPU
		{79C6D26E-2619-4AD2-9836-44103F541AAE}.Release|Any CPU.ActiveCfg = Release|Any CPU
		{79C6D26E-2619-4AD2-9836-44103F541AAE}.Release|Any CPU.Build.0 = Release|Any CPU
		{79C6D26E-2619-4AD2-9836-44103F541AAE}.Release|x64.ActiveCfg = Release|Any CPU
		{79C6D26E-2619-4AD2-9836-44103F541AAE}.Release|x64.Build.0 = Release|Any CPU
		{79C6D26E-2619-4AD2-9836-44103F541AAE}.Release|x86.ActiveCfg = Release|Any CPU
		{79C6D26E-2619-4AD2-9836-44103F541AAE}.Release|x86.Build.0 = Release|Any CPU
	EndGlobalSection
	GlobalSection(SolutionProperties) = preSolution
		HideSolutionNode = FALSE
	EndGlobalSection
	GlobalSection(ExtensibilityGlobals) = postSolution
		SolutionGuid = {119489BE-1A0D-4B7F-8D56-70C96D3C0824}
	EndGlobalSection
EndGlobal
