
Microsoft Visual Studio Solution File, Format Version 12.00
# Visual Studio Version 17
VisualStudioVersion = 17.1.31903.286
MinimumVisualStudioVersion = 10.0.40219.1
Project("{9A19103F-16F7-4668-BE54-9A1E7A4F7556}") = "Web", "Web\Web.csproj", "{2DEE7701-CDB1-4715-8960-32DF5BFEE28F}"
EndProject
Project("{9A19103F-16F7-4668-BE54-9A1E7A4F7556}") = "Infrastructure.Data.EF", "Infrastructure.Data.EF\Infrastructure.Data.EF.csproj", "{CA8571B9-0CD2-4856-AB7E-F1B654B32048}"
EndProject
Project("{9A19103F-16F7-4668-BE54-9A1E7A4F7556}") = "Core", "Core\Core.csproj", "{9384243F-C5EF-4132-B988-E430A397A417}"
EndProject
Project("{FAE04EC0-301F-11D3-BF4B-00C04F79EFBC}") = "Web.Tests", "test\Web.Tests\Web.Tests.csproj", "{0253A7A8-B38C-442D-9C83-6B0AB38F46DD}"
EndProject
Global
	GlobalSection(SolutionConfigurationPlatforms) = preSolution
		Debug|Any CPU = Debug|Any CPU
		Release|Any CPU = Release|Any CPU
	EndGlobalSection
	GlobalSection(ProjectConfigurationPlatforms) = postSolution
		{2DEE7701-CDB1-4715-8960-32DF5BFEE28F}.Debug|Any CPU.ActiveCfg = Debug|Any CPU
		{2DEE7701-CDB1-4715-8960-32DF5BFEE28F}.Debug|Any CPU.Build.0 = Debug|Any CPU
		{2DEE7701-CDB1-4715-8960-32DF5BFEE28F}.Release|Any CPU.ActiveCfg = Release|Any CPU
		{2DEE7701-CDB1-4715-8960-32DF5BFEE28F}.Release|Any CPU.Build.0 = Release|Any CPU
		{CA8571B9-0CD2-4856-AB7E-F1B654B32048}.Debug|Any CPU.ActiveCfg = Debug|Any CPU
		{CA8571B9-0CD2-4856-AB7E-F1B654B32048}.Debug|Any CPU.Build.0 = Debug|Any CPU
		{CA8571B9-0CD2-4856-AB7E-F1B654B32048}.Release|Any CPU.ActiveCfg = Release|Any CPU
		{CA8571B9-0CD2-4856-AB7E-F1B654B32048}.Release|Any CPU.Build.0 = Release|Any CPU
		{9384243F-C5EF-4132-B988-E430A397A417}.Debug|Any CPU.ActiveCfg = Debug|Any CPU
		{9384243F-C5EF-4132-B988-E430A397A417}.Debug|Any CPU.Build.0 = Debug|Any CPU
		{9384243F-C5EF-4132-B988-E430A397A417}.Release|Any CPU.ActiveCfg = Release|Any CPU
		{9384243F-C5EF-4132-B988-E430A397A417}.Release|Any CPU.Build.0 = Release|Any CPU
		{0253A7A8-B38C-442D-9C83-6B0AB38F46DD}.Debug|Any CPU.ActiveCfg = Debug|Any CPU
		{0253A7A8-B38C-442D-9C83-6B0AB38F46DD}.Debug|Any CPU.Build.0 = Debug|Any CPU
		{0253A7A8-B38C-442D-9C83-6B0AB38F46DD}.Release|Any CPU.ActiveCfg = Release|Any CPU
		{0253A7A8-B38C-442D-9C83-6B0AB38F46DD}.Release|Any CPU.Build.0 = Release|Any CPU
	EndGlobalSection
	GlobalSection(SolutionProperties) = preSolution
		HideSolutionNode = FALSE
	EndGlobalSection
	GlobalSection(ExtensibilityGlobals) = postSolution
		SolutionGuid = {7C53B363-8B17-457C-A101-AF08B0E02361}
	EndGlobalSection
EndGlobal
