
Microsoft Visual Studio Solution File, Format Version 12.00
# Visual Studio Version 16
VisualStudioVersion = 16.0.29519.181
MinimumVisualStudioVersion = 15.0.26124.0
Project("{9A19103F-16F7-4668-BE54-9A1E7A4F7556}") = "CompositionRoot", "CompositionRoot\CompositionRoot.csproj", "{E9D1D1F9-8E58-4708-ACB0-6A141203B487}"
EndProject
Project("{9A19103F-16F7-4668-BE54-9A1E7A4F7556}") = "Strategy", "Strategy\Strategy.csproj", "{8D77A78B-118D-4C64-8BB2-4E36811D2533}"
EndProject
Project("{9A19103F-16F7-4668-BE54-9A1E7A4F7556}") = "Wishlist", "Wishlist\Wishlist.csproj", "{ECD44A23-8FD2-4DB9-B732-68A26FAF8CA0}"
EndProject
Project("{9A19103F-16F7-4668-BE54-9A1E7A4F7556}") = "ServiceLocator", "ServiceLocator\ServiceLocator.csproj", "{C495C914-0B93-4F68-9698-A11C0F90E413}"
EndProject
Project("{9A19103F-16F7-4668-BE54-9A1E7A4F7556}") = "ServiceLocatorFixed", "ServiceLocatorFixed\ServiceLocatorFixed.csproj", "{47A20AA7-5BB3-4D21-A9A1-8381EA862A04}"
EndProject
Project("{9A19103F-16F7-4668-BE54-9A1E7A4F7556}") = "Factory", "Factory\Factory.csproj", "{306407A1-B69B-44D0-B301-C420EEDC2DD7}"
EndProject
Project("{9A19103F-16F7-4668-BE54-9A1E7A4F7556}") = "Wishlist.Tests", "Wishlist.Tests\Wishlist.Tests.csproj", "{779841A3-A883-481D-A159-14CCDC404A78}"
EndProject
Project("{9A19103F-16F7-4668-BE54-9A1E7A4F7556}") = "ApplicationState", "ApplicationState\ApplicationState.csproj", "{C90A3DB1-DC09-4220-A150-05076892EE3A}"
EndProject
Global
	GlobalSection(SolutionConfigurationPlatforms) = preSolution
		Debug|Any CPU = Debug|Any CPU
		Debug|x64 = Debug|x64
		Debug|x86 = Debug|x86
		Release|Any CPU = Release|Any CPU
		Release|x64 = Release|x64
		Release|x86 = Release|x86
	EndGlobalSection
	GlobalSection(ProjectConfigurationPlatforms) = postSolution
		{E9D1D1F9-8E58-4708-ACB0-6A141203B487}.Debug|Any CPU.ActiveCfg = Debug|Any CPU
		{E9D1D1F9-8E58-4708-ACB0-6A141203B487}.Debug|Any CPU.Build.0 = Debug|Any CPU
		{E9D1D1F9-8E58-4708-ACB0-6A141203B487}.Debug|x64.ActiveCfg = Debug|Any CPU
		{E9D1D1F9-8E58-4708-ACB0-6A141203B487}.Debug|x64.Build.0 = Debug|Any CPU
		{E9D1D1F9-8E58-4708-ACB0-6A141203B487}.Debug|x86.ActiveCfg = Debug|Any CPU
		{E9D1D1F9-8E58-4708-ACB0-6A141203B487}.Debug|x86.Build.0 = Debug|Any CPU
		{E9D1D1F9-8E58-4708-ACB0-6A141203B487}.Release|Any CPU.ActiveCfg = Release|Any CPU
		{E9D1D1F9-8E58-4708-ACB0-6A141203B487}.Release|Any CPU.Build.0 = Release|Any CPU
		{E9D1D1F9-8E58-4708-ACB0-6A141203B487}.Release|x64.ActiveCfg = Release|Any CPU
		{E9D1D1F9-8E58-4708-ACB0-6A141203B487}.Release|x64.Build.0 = Release|Any CPU
		{E9D1D1F9-8E58-4708-ACB0-6A141203B487}.Release|x86.ActiveCfg = Release|Any CPU
		{E9D1D1F9-8E58-4708-ACB0-6A141203B487}.Release|x86.Build.0 = Release|Any CPU
		{8D77A78B-118D-4C64-8BB2-4E36811D2533}.Debug|Any CPU.ActiveCfg = Debug|Any CPU
		{8D77A78B-118D-4C64-8BB2-4E36811D2533}.Debug|Any CPU.Build.0 = Debug|Any CPU
		{8D77A78B-118D-4C64-8BB2-4E36811D2533}.Debug|x64.ActiveCfg = Debug|Any CPU
		{8D77A78B-118D-4C64-8BB2-4E36811D2533}.Debug|x64.Build.0 = Debug|Any CPU
		{8D77A78B-118D-4C64-8BB2-4E36811D2533}.Debug|x86.ActiveCfg = Debug|Any CPU
		{8D77A78B-118D-4C64-8BB2-4E36811D2533}.Debug|x86.Build.0 = Debug|Any CPU
		{8D77A78B-118D-4C64-8BB2-4E36811D2533}.Release|Any CPU.ActiveCfg = Release|Any CPU
		{8D77A78B-118D-4C64-8BB2-4E36811D2533}.Release|Any CPU.Build.0 = Release|Any CPU
		{8D77A78B-118D-4C64-8BB2-4E36811D2533}.Release|x64.ActiveCfg = Release|Any CPU
		{8D77A78B-118D-4C64-8BB2-4E36811D2533}.Release|x64.Build.0 = Release|Any CPU
		{8D77A78B-118D-4C64-8BB2-4E36811D2533}.Release|x86.ActiveCfg = Release|Any CPU
		{8D77A78B-118D-4C64-8BB2-4E36811D2533}.Release|x86.Build.0 = Release|Any CPU
		{ECD44A23-8FD2-4DB9-B732-68A26FAF8CA0}.Debug|Any CPU.ActiveCfg = Debug|Any CPU
		{ECD44A23-8FD2-4DB9-B732-68A26FAF8CA0}.Debug|Any CPU.Build.0 = Debug|Any CPU
		{ECD44A23-8FD2-4DB9-B732-68A26FAF8CA0}.Debug|x64.ActiveCfg = Debug|Any CPU
		{ECD44A23-8FD2-4DB9-B732-68A26FAF8CA0}.Debug|x64.Build.0 = Debug|Any CPU
		{ECD44A23-8FD2-4DB9-B732-68A26FAF8CA0}.Debug|x86.ActiveCfg = Debug|Any CPU
		{ECD44A23-8FD2-4DB9-B732-68A26FAF8CA0}.Debug|x86.Build.0 = Debug|Any CPU
		{ECD44A23-8FD2-4DB9-B732-68A26FAF8CA0}.Release|Any CPU.ActiveCfg = Release|Any CPU
		{ECD44A23-8FD2-4DB9-B732-68A26FAF8CA0}.Release|Any CPU.Build.0 = Release|Any CPU
		{ECD44A23-8FD2-4DB9-B732-68A26FAF8CA0}.Release|x64.ActiveCfg = Release|Any CPU
		{ECD44A23-8FD2-4DB9-B732-68A26FAF8CA0}.Release|x64.Build.0 = Release|Any CPU
		{ECD44A23-8FD2-4DB9-B732-68A26FAF8CA0}.Release|x86.ActiveCfg = Release|Any CPU
		{ECD44A23-8FD2-4DB9-B732-68A26FAF8CA0}.Release|x86.Build.0 = Release|Any CPU
		{C495C914-0B93-4F68-9698-A11C0F90E413}.Debug|Any CPU.ActiveCfg = Debug|Any CPU
		{C495C914-0B93-4F68-9698-A11C0F90E413}.Debug|Any CPU.Build.0 = Debug|Any CPU
		{C495C914-0B93-4F68-9698-A11C0F90E413}.Debug|x64.ActiveCfg = Debug|Any CPU
		{C495C914-0B93-4F68-9698-A11C0F90E413}.Debug|x64.Build.0 = Debug|Any CPU
		{C495C914-0B93-4F68-9698-A11C0F90E413}.Debug|x86.ActiveCfg = Debug|Any CPU
		{C495C914-0B93-4F68-9698-A11C0F90E413}.Debug|x86.Build.0 = Debug|Any CPU
		{C495C914-0B93-4F68-9698-A11C0F90E413}.Release|Any CPU.ActiveCfg = Release|Any CPU
		{C495C914-0B93-4F68-9698-A11C0F90E413}.Release|Any CPU.Build.0 = Release|Any CPU
		{C495C914-0B93-4F68-9698-A11C0F90E413}.Release|x64.ActiveCfg = Release|Any CPU
		{C495C914-0B93-4F68-9698-A11C0F90E413}.Release|x64.Build.0 = Release|Any CPU
		{C495C914-0B93-4F68-9698-A11C0F90E413}.Release|x86.ActiveCfg = Release|Any CPU
		{C495C914-0B93-4F68-9698-A11C0F90E413}.Release|x86.Build.0 = Release|Any CPU
		{47A20AA7-5BB3-4D21-A9A1-8381EA862A04}.Debug|Any CPU.ActiveCfg = Debug|Any CPU
		{47A20AA7-5BB3-4D21-A9A1-8381EA862A04}.Debug|Any CPU.Build.0 = Debug|Any CPU
		{47A20AA7-5BB3-4D21-A9A1-8381EA862A04}.Debug|x64.ActiveCfg = Debug|Any CPU
		{47A20AA7-5BB3-4D21-A9A1-8381EA862A04}.Debug|x64.Build.0 = Debug|Any CPU
		{47A20AA7-5BB3-4D21-A9A1-8381EA862A04}.Debug|x86.ActiveCfg = Debug|Any CPU
		{47A20AA7-5BB3-4D21-A9A1-8381EA862A04}.Debug|x86.Build.0 = Debug|Any CPU
		{47A20AA7-5BB3-4D21-A9A1-8381EA862A04}.Release|Any CPU.ActiveCfg = Release|Any CPU
		{47A20AA7-5BB3-4D21-A9A1-8381EA862A04}.Release|Any CPU.Build.0 = Release|Any CPU
		{47A20AA7-5BB3-4D21-A9A1-8381EA862A04}.Release|x64.ActiveCfg = Release|Any CPU
		{47A20AA7-5BB3-4D21-A9A1-8381EA862A04}.Release|x64.Build.0 = Release|Any CPU
		{47A20AA7-5BB3-4D21-A9A1-8381EA862A04}.Release|x86.ActiveCfg = Release|Any CPU
		{47A20AA7-5BB3-4D21-A9A1-8381EA862A04}.Release|x86.Build.0 = Release|Any CPU
		{306407A1-B69B-44D0-B301-C420EEDC2DD7}.Debug|Any CPU.ActiveCfg = Debug|Any CPU
		{306407A1-B69B-44D0-B301-C420EEDC2DD7}.Debug|Any CPU.Build.0 = Debug|Any CPU
		{306407A1-B69B-44D0-B301-C420EEDC2DD7}.Debug|x64.ActiveCfg = Debug|Any CPU
		{306407A1-B69B-44D0-B301-C420EEDC2DD7}.Debug|x64.Build.0 = Debug|Any CPU
		{306407A1-B69B-44D0-B301-C420EEDC2DD7}.Debug|x86.ActiveCfg = Debug|Any CPU
		{306407A1-B69B-44D0-B301-C420EEDC2DD7}.Debug|x86.Build.0 = Debug|Any CPU
		{306407A1-B69B-44D0-B301-C420EEDC2DD7}.Release|Any CPU.ActiveCfg = Release|Any CPU
		{306407A1-B69B-44D0-B301-C420EEDC2DD7}.Release|Any CPU.Build.0 = Release|Any CPU
		{306407A1-B69B-44D0-B301-C420EEDC2DD7}.Release|x64.ActiveCfg = Release|Any CPU
		{306407A1-B69B-44D0-B301-C420EEDC2DD7}.Release|x64.Build.0 = Release|Any CPU
		{306407A1-B69B-44D0-B301-C420EEDC2DD7}.Release|x86.ActiveCfg = Release|Any CPU
		{306407A1-B69B-44D0-B301-C420EEDC2DD7}.Release|x86.Build.0 = Release|Any CPU
		{779841A3-A883-481D-A159-14CCDC404A78}.Debug|Any CPU.ActiveCfg = Debug|Any CPU
		{779841A3-A883-481D-A159-14CCDC404A78}.Debug|Any CPU.Build.0 = Debug|Any CPU
		{779841A3-A883-481D-A159-14CCDC404A78}.Debug|x64.ActiveCfg = Debug|Any CPU
		{779841A3-A883-481D-A159-14CCDC404A78}.Debug|x64.Build.0 = Debug|Any CPU
		{779841A3-A883-481D-A159-14CCDC404A78}.Debug|x86.ActiveCfg = Debug|Any CPU
		{779841A3-A883-481D-A159-14CCDC404A78}.Debug|x86.Build.0 = Debug|Any CPU
		{779841A3-A883-481D-A159-14CCDC404A78}.Release|Any CPU.ActiveCfg = Release|Any CPU
		{779841A3-A883-481D-A159-14CCDC404A78}.Release|Any CPU.Build.0 = Release|Any CPU
		{779841A3-A883-481D-A159-14CCDC404A78}.Release|x64.ActiveCfg = Release|Any CPU
		{779841A3-A883-481D-A159-14CCDC404A78}.Release|x64.Build.0 = Release|Any CPU
		{779841A3-A883-481D-A159-14CCDC404A78}.Release|x86.ActiveCfg = Release|Any CPU
		{779841A3-A883-481D-A159-14CCDC404A78}.Release|x86.Build.0 = Release|Any CPU
		{C90A3DB1-DC09-4220-A150-05076892EE3A}.Debug|Any CPU.ActiveCfg = Debug|Any CPU
		{C90A3DB1-DC09-4220-A150-05076892EE3A}.Debug|Any CPU.Build.0 = Debug|Any CPU
		{C90A3DB1-DC09-4220-A150-05076892EE3A}.Debug|x64.ActiveCfg = Debug|Any CPU
		{C90A3DB1-DC09-4220-A150-05076892EE3A}.Debug|x64.Build.0 = Debug|Any CPU
		{C90A3DB1-DC09-4220-A150-05076892EE3A}.Debug|x86.ActiveCfg = Debug|Any CPU
		{C90A3DB1-DC09-4220-A150-05076892EE3A}.Debug|x86.Build.0 = Debug|Any CPU
		{C90A3DB1-DC09-4220-A150-05076892EE3A}.Release|Any CPU.ActiveCfg = Release|Any CPU
		{C90A3DB1-DC09-4220-A150-05076892EE3A}.Release|Any CPU.Build.0 = Release|Any CPU
		{C90A3DB1-DC09-4220-A150-05076892EE3A}.Release|x64.ActiveCfg = Release|Any CPU
		{C90A3DB1-DC09-4220-A150-05076892EE3A}.Release|x64.Build.0 = Release|Any CPU
		{C90A3DB1-DC09-4220-A150-05076892EE3A}.Release|x86.ActiveCfg = Release|Any CPU
		{C90A3DB1-DC09-4220-A150-05076892EE3A}.Release|x86.Build.0 = Release|Any CPU
	EndGlobalSection
	GlobalSection(SolutionProperties) = preSolution
		HideSolutionNode = FALSE
	EndGlobalSection
	GlobalSection(ExtensibilityGlobals) = postSolution
		SolutionGuid = {CE887FC0-3742-478E-AE08-BB6C60669502}
	EndGlobalSection
EndGlobal
