
Microsoft Visual Studio Solution File, Format Version 12.00
# Visual Studio 15
VisualStudioVersion = 15.0.26124.0
MinimumVisualStudioVersion = 15.0.26124.0
Project("{FAE04EC0-301F-11D3-BF4B-00C04F79EFBC}") = "NinjaEmptyShell", "NinjaEmptyShell\NinjaEmptyShell.csproj", "{57AEC5AB-253F-4EF5-8E53-40214FAAF5C8}"
EndProject
Project("{FAE04EC0-301F-11D3-BF4B-00C04F79EFBC}") = "NinjaOCP", "NinjaOCP\NinjaOCP.csproj", "{2B6474B7-B1C9-41B5-B953-830EE4895F96}"
EndProject
Project("{FAE04EC0-301F-11D3-BF4B-00C04F79EFBC}") = "NinjaBeforeOCP", "NinjaBeforeOCP\NinjaBeforeOCP.csproj", "{950711DB-3F8A-4B08-B06D-44FCDAA8F422}"
EndProject
Global
	GlobalSection(SolutionConfigurationPlatforms) = preSolution
		Debug|Any CPU = Debug|Any CPU
		Debug|x64 = Debug|x64
		Debug|x86 = Debug|x86
		Release|Any CPU = Release|Any CPU
		Release|x64 = Release|x64
		Release|x86 = Release|x86
	EndGlobalSection
	GlobalSection(ProjectConfigurationPlatforms) = postSolution
		{57AEC5AB-253F-4EF5-8E53-40214FAAF5C8}.Debug|Any CPU.ActiveCfg = Debug|Any CPU
		{57AEC5AB-253F-4EF5-8E53-40214FAAF5C8}.Debug|Any CPU.Build.0 = Debug|Any CPU
		{57AEC5AB-253F-4EF5-8E53-40214FAAF5C8}.Debug|x64.ActiveCfg = Debug|Any CPU
		{57AEC5AB-253F-4EF5-8E53-40214FAAF5C8}.Debug|x64.Build.0 = Debug|Any CPU
		{57AEC5AB-253F-4EF5-8E53-40214FAAF5C8}.Debug|x86.ActiveCfg = Debug|Any CPU
		{57AEC5AB-253F-4EF5-8E53-40214FAAF5C8}.Debug|x86.Build.0 = Debug|Any CPU
		{57AEC5AB-253F-4EF5-8E53-40214FAAF5C8}.Release|Any CPU.ActiveCfg = Release|Any CPU
		{57AEC5AB-253F-4EF5-8E53-40214FAAF5C8}.Release|Any CPU.Build.0 = Release|Any CPU
		{57AEC5AB-253F-4EF5-8E53-40214FAAF5C8}.Release|x64.ActiveCfg = Release|Any CPU
		{57AEC5AB-253F-4EF5-8E53-40214FAAF5C8}.Release|x64.Build.0 = Release|Any CPU
		{57AEC5AB-253F-4EF5-8E53-40214FAAF5C8}.Release|x86.ActiveCfg = Release|Any CPU
		{57AEC5AB-253F-4EF5-8E53-40214FAAF5C8}.Release|x86.Build.0 = Release|Any CPU
		{2B6474B7-B1C9-41B5-B953-830EE4895F96}.Debug|Any CPU.ActiveCfg = Debug|Any CPU
		{2B6474B7-B1C9-41B5-B953-830EE4895F96}.Debug|Any CPU.Build.0 = Debug|Any CPU
		{2B6474B7-B1C9-41B5-B953-830EE4895F96}.Debug|x64.ActiveCfg = Debug|Any CPU
		{2B6474B7-B1C9-41B5-B953-830EE4895F96}.Debug|x64.Build.0 = Debug|Any CPU
		{2B6474B7-B1C9-41B5-B953-830EE4895F96}.Debug|x86.ActiveCfg = Debug|Any CPU
		{2B6474B7-B1C9-41B5-B953-830EE4895F96}.Debug|x86.Build.0 = Debug|Any CPU
		{2B6474B7-B1C9-41B5-B953-830EE4895F96}.Release|Any CPU.ActiveCfg = Release|Any CPU
		{2B6474B7-B1C9-41B5-B953-830EE4895F96}.Release|Any CPU.Build.0 = Release|Any CPU
		{2B6474B7-B1C9-41B5-B953-830EE4895F96}.Release|x64.ActiveCfg = Release|Any CPU
		{2B6474B7-B1C9-41B5-B953-830EE4895F96}.Release|x64.Build.0 = Release|Any CPU
		{2B6474B7-B1C9-41B5-B953-830EE4895F96}.Release|x86.ActiveCfg = Release|Any CPU
		{2B6474B7-B1C9-41B5-B953-830EE4895F96}.Release|x86.Build.0 = Release|Any CPU
		{950711DB-3F8A-4B08-B06D-44FCDAA8F422}.Debug|Any CPU.ActiveCfg = Debug|Any CPU
		{950711DB-3F8A-4B08-B06D-44FCDAA8F422}.Debug|Any CPU.Build.0 = Debug|Any CPU
		{950711DB-3F8A-4B08-B06D-44FCDAA8F422}.Debug|x64.ActiveCfg = Debug|Any CPU
		{950711DB-3F8A-4B08-B06D-44FCDAA8F422}.Debug|x64.Build.0 = Debug|Any CPU
		{950711DB-3F8A-4B08-B06D-44FCDAA8F422}.Debug|x86.ActiveCfg = Debug|Any CPU
		{950711DB-3F8A-4B08-B06D-44FCDAA8F422}.Debug|x86.Build.0 = Debug|Any CPU
		{950711DB-3F8A-4B08-B06D-44FCDAA8F422}.Release|Any CPU.ActiveCfg = Release|Any CPU
		{950711DB-3F8A-4B08-B06D-44FCDAA8F422}.Release|Any CPU.Build.0 = Release|Any CPU
		{950711DB-3F8A-4B08-B06D-44FCDAA8F422}.Release|x64.ActiveCfg = Release|Any CPU
		{950711DB-3F8A-4B08-B06D-44FCDAA8F422}.Release|x64.Build.0 = Release|Any CPU
		{950711DB-3F8A-4B08-B06D-44FCDAA8F422}.Release|x86.ActiveCfg = Release|Any CPU
		{950711DB-3F8A-4B08-B06D-44FCDAA8F422}.Release|x86.Build.0 = Release|Any CPU
	EndGlobalSection
	GlobalSection(SolutionProperties) = preSolution
		HideSolutionNode = FALSE
	EndGlobalSection
	GlobalSection(ExtensibilityGlobals) = postSolution
		SolutionGuid = {F8B22EC8-D1FA-4017-AB8C-299CD9BFD35A}
	EndGlobalSection
EndGlobal
