
Microsoft Visual Studio Solution File, Format Version 12.00
# Visual Studio 15
VisualStudioVersion = 15.0.26124.0
MinimumVisualStudioVersion = 15.0.26124.0
Project("{2150E333-8FDC-42A3-9474-1A3956D46DE8}") = "src", "src", "{06782CD6-23B0-47BA-B7BC-8B5133B49816}"
EndProject
Project("{9A19103F-16F7-4668-BE54-9A1E7A4F7556}") = "DecoratorPlain", "src\DecoratorPlain\DecoratorPlain.csproj", "{4733B661-986D-4DBE-9BD8-2D188B163F36}"
EndProject
Project("{2150E333-8FDC-42A3-9474-1A3956D46DE8}") = "test", "test", "{71F56B41-B831-4B35-B233-E18382165190}"
EndProject
Project("{9A19103F-16F7-4668-BE54-9A1E7A4F7556}") = "DecoratorPlain.Tests", "test\DecoratorPlain.Tests\DecoratorPlain.Tests.csproj", "{588DD25E-8123-4A87-B55E-85BB13AD94DB}"
EndProject
Project("{9A19103F-16F7-4668-BE54-9A1E7A4F7556}") = "DecoratorScrutor", "src\DecoratorScrutor\DecoratorScrutor.csproj", "{0BCF360E-8D89-4F4B-AF5B-C4072CB1BB4A}"
EndProject
Project("{9A19103F-16F7-4668-BE54-9A1E7A4F7556}") = "DecoratorScrutor.Tests", "test\DecoratorScrutor.Tests\DecoratorScrutor.Tests.csproj", "{0C7B818F-944C-4823-8959-9AA3E3EC2671}"
EndProject
Project("{FAE04EC0-301F-11D3-BF4B-00C04F79EFBC}") = "Decorator.IntegrationTests", "test\Decorator.IntegrationTests\Decorator.IntegrationTests.csproj", "{AAF5750D-D053-41E9-BEED-AC4A7E536568}"
EndProject
Project("{FAE04EC0-301F-11D3-BF4B-00C04F79EFBC}") = "Composite", "src\Composite\Composite.csproj", "{8767F92D-F754-45C2-9493-893DA09DE4D1}"
EndProject
Project("{FAE04EC0-301F-11D3-BF4B-00C04F79EFBC}") = "Composite.Tests", "test\Composite.Tests\Composite.Tests.csproj", "{FC81A60F-D2B7-4472-9474-20921190F8C5}"
EndProject
Project("{FAE04EC0-301F-11D3-BF4B-00C04F79EFBC}") = "Adapter", "src\Adapter\Adapter.csproj", "{B05AA092-2311-4187-BC32-5FDC50C19A04}"
EndProject
Project("{FAE04EC0-301F-11D3-BF4B-00C04F79EFBC}") = "Adapter.Tests", "test\Adapter.Tests\Adapter.Tests.csproj", "{8A50E9DB-B503-476C-92CC-01384293D1B1}"
EndProject
Project("{FAE04EC0-301F-11D3-BF4B-00C04F79EFBC}") = "Facade", "src\Facade\Facade.csproj", "{68E91140-4EC9-4FDD-947E-D976334B5160}"
EndProject
Project("{FAE04EC0-301F-11D3-BF4B-00C04F79EFBC}") = "Facade.Tests", "test\Facade.Tests\Facade.Tests.csproj", "{FE5770E7-996C-4E03-B232-B9669B80D9BA}"
EndProject
Project("{FAE04EC0-301F-11D3-BF4B-00C04F79EFBC}") = "OpaqueFacadeSubSystem", "src\OpaqueFacadeSubSystem\OpaqueFacadeSubSystem.csproj", "{C51D0F70-3495-4F18-8B0E-42C2CB92E373}"
EndProject
Project("{FAE04EC0-301F-11D3-BF4B-00C04F79EFBC}") = "OpaqueFacadeSubSystem.Tests", "test\OpaqueFacadeSubSystem.Tests\OpaqueFacadeSubSystem.Tests.csproj", "{AD39FFEE-0EE8-48BA-A8D5-63477F2F97A6}"
EndProject
Project("{FAE04EC0-301F-11D3-BF4B-00C04F79EFBC}") = "TransparentFacadeSubSystem", "src\TransparentFacadeSubSystem\TransparentFacadeSubSystem.csproj", "{8E64483B-4452-4526-A3A6-999CB91EEA00}"
EndProject
Project("{FAE04EC0-301F-11D3-BF4B-00C04F79EFBC}") = "TransparentFacadeSubSystem.Tests", "test\TransparentFacadeSubSystem.Tests\TransparentFacadeSubSystem.Tests.csproj", "{6D11B351-2365-4F4C-9611-085F434D683E}"
EndProject
Global
	GlobalSection(SolutionConfigurationPlatforms) = preSolution
		Debug|Any CPU = Debug|Any CPU
		Debug|x64 = Debug|x64
		Debug|x86 = Debug|x86
		Release|Any CPU = Release|Any CPU
		Release|x64 = Release|x64
		Release|x86 = Release|x86
	EndGlobalSection
	GlobalSection(ProjectConfigurationPlatforms) = postSolution
		{4733B661-986D-4DBE-9BD8-2D188B163F36}.Debug|Any CPU.ActiveCfg = Debug|Any CPU
		{4733B661-986D-4DBE-9BD8-2D188B163F36}.Debug|Any CPU.Build.0 = Debug|Any CPU
		{4733B661-986D-4DBE-9BD8-2D188B163F36}.Debug|x64.ActiveCfg = Debug|Any CPU
		{4733B661-986D-4DBE-9BD8-2D188B163F36}.Debug|x64.Build.0 = Debug|Any CPU
		{4733B661-986D-4DBE-9BD8-2D188B163F36}.Debug|x86.ActiveCfg = Debug|Any CPU
		{4733B661-986D-4DBE-9BD8-2D188B163F36}.Debug|x86.Build.0 = Debug|Any CPU
		{4733B661-986D-4DBE-9BD8-2D188B163F36}.Release|Any CPU.ActiveCfg = Release|Any CPU
		{4733B661-986D-4DBE-9BD8-2D188B163F36}.Release|Any CPU.Build.0 = Release|Any CPU
		{4733B661-986D-4DBE-9BD8-2D188B163F36}.Release|x64.ActiveCfg = Release|Any CPU
		{4733B661-986D-4DBE-9BD8-2D188B163F36}.Release|x64.Build.0 = Release|Any CPU
		{4733B661-986D-4DBE-9BD8-2D188B163F36}.Release|x86.ActiveCfg = Release|Any CPU
		{4733B661-986D-4DBE-9BD8-2D188B163F36}.Release|x86.Build.0 = Release|Any CPU
		{588DD25E-8123-4A87-B55E-85BB13AD94DB}.Debug|Any CPU.ActiveCfg = Debug|Any CPU
		{588DD25E-8123-4A87-B55E-85BB13AD94DB}.Debug|Any CPU.Build.0 = Debug|Any CPU
		{588DD25E-8123-4A87-B55E-85BB13AD94DB}.Debug|x64.ActiveCfg = Debug|Any CPU
		{588DD25E-8123-4A87-B55E-85BB13AD94DB}.Debug|x64.Build.0 = Debug|Any CPU
		{588DD25E-8123-4A87-B55E-85BB13AD94DB}.Debug|x86.ActiveCfg = Debug|Any CPU
		{588DD25E-8123-4A87-B55E-85BB13AD94DB}.Debug|x86.Build.0 = Debug|Any CPU
		{588DD25E-8123-4A87-B55E-85BB13AD94DB}.Release|Any CPU.ActiveCfg = Release|Any CPU
		{588DD25E-8123-4A87-B55E-85BB13AD94DB}.Release|Any CPU.Build.0 = Release|Any CPU
		{588DD25E-8123-4A87-B55E-85BB13AD94DB}.Release|x64.ActiveCfg = Release|Any CPU
		{588DD25E-8123-4A87-B55E-85BB13AD94DB}.Release|x64.Build.0 = Release|Any CPU
		{588DD25E-8123-4A87-B55E-85BB13AD94DB}.Release|x86.ActiveCfg = Release|Any CPU
		{588DD25E-8123-4A87-B55E-85BB13AD94DB}.Release|x86.Build.0 = Release|Any CPU
		{0BCF360E-8D89-4F4B-AF5B-C4072CB1BB4A}.Debug|Any CPU.ActiveCfg = Debug|Any CPU
		{0BCF360E-8D89-4F4B-AF5B-C4072CB1BB4A}.Debug|Any CPU.Build.0 = Debug|Any CPU
		{0BCF360E-8D89-4F4B-AF5B-C4072CB1BB4A}.Debug|x64.ActiveCfg = Debug|Any CPU
		{0BCF360E-8D89-4F4B-AF5B-C4072CB1BB4A}.Debug|x64.Build.0 = Debug|Any CPU
		{0BCF360E-8D89-4F4B-AF5B-C4072CB1BB4A}.Debug|x86.ActiveCfg = Debug|Any CPU
		{0BCF360E-8D89-4F4B-AF5B-C4072CB1BB4A}.Debug|x86.Build.0 = Debug|Any CPU
		{0BCF360E-8D89-4F4B-AF5B-C4072CB1BB4A}.Release|Any CPU.ActiveCfg = Release|Any CPU
		{0BCF360E-8D89-4F4B-AF5B-C4072CB1BB4A}.Release|Any CPU.Build.0 = Release|Any CPU
		{0BCF360E-8D89-4F4B-AF5B-C4072CB1BB4A}.Release|x64.ActiveCfg = Release|Any CPU
		{0BCF360E-8D89-4F4B-AF5B-C4072CB1BB4A}.Release|x64.Build.0 = Release|Any CPU
		{0BCF360E-8D89-4F4B-AF5B-C4072CB1BB4A}.Release|x86.ActiveCfg = Release|Any CPU
		{0BCF360E-8D89-4F4B-AF5B-C4072CB1BB4A}.Release|x86.Build.0 = Release|Any CPU
		{0C7B818F-944C-4823-8959-9AA3E3EC2671}.Debug|Any CPU.ActiveCfg = Debug|Any CPU
		{0C7B818F-944C-4823-8959-9AA3E3EC2671}.Debug|Any CPU.Build.0 = Debug|Any CPU
		{0C7B818F-944C-4823-8959-9AA3E3EC2671}.Debug|x64.ActiveCfg = Debug|Any CPU
		{0C7B818F-944C-4823-8959-9AA3E3EC2671}.Debug|x64.Build.0 = Debug|Any CPU
		{0C7B818F-944C-4823-8959-9AA3E3EC2671}.Debug|x86.ActiveCfg = Debug|Any CPU
		{0C7B818F-944C-4823-8959-9AA3E3EC2671}.Debug|x86.Build.0 = Debug|Any CPU
		{0C7B818F-944C-4823-8959-9AA3E3EC2671}.Release|Any CPU.ActiveCfg = Release|Any CPU
		{0C7B818F-944C-4823-8959-9AA3E3EC2671}.Release|Any CPU.Build.0 = Release|Any CPU
		{0C7B818F-944C-4823-8959-9AA3E3EC2671}.Release|x64.ActiveCfg = Release|Any CPU
		{0C7B818F-944C-4823-8959-9AA3E3EC2671}.Release|x64.Build.0 = Release|Any CPU
		{0C7B818F-944C-4823-8959-9AA3E3EC2671}.Release|x86.ActiveCfg = Release|Any CPU
		{0C7B818F-944C-4823-8959-9AA3E3EC2671}.Release|x86.Build.0 = Release|Any CPU
		{AAF5750D-D053-41E9-BEED-AC4A7E536568}.Debug|Any CPU.ActiveCfg = Debug|Any CPU
		{AAF5750D-D053-41E9-BEED-AC4A7E536568}.Debug|Any CPU.Build.0 = Debug|Any CPU
		{AAF5750D-D053-41E9-BEED-AC4A7E536568}.Debug|x64.ActiveCfg = Debug|Any CPU
		{AAF5750D-D053-41E9-BEED-AC4A7E536568}.Debug|x64.Build.0 = Debug|Any CPU
		{AAF5750D-D053-41E9-BEED-AC4A7E536568}.Debug|x86.ActiveCfg = Debug|Any CPU
		{AAF5750D-D053-41E9-BEED-AC4A7E536568}.Debug|x86.Build.0 = Debug|Any CPU
		{AAF5750D-D053-41E9-BEED-AC4A7E536568}.Release|Any CPU.ActiveCfg = Release|Any CPU
		{AAF5750D-D053-41E9-BEED-AC4A7E536568}.Release|Any CPU.Build.0 = Release|Any CPU
		{AAF5750D-D053-41E9-BEED-AC4A7E536568}.Release|x64.ActiveCfg = Release|Any CPU
		{AAF5750D-D053-41E9-BEED-AC4A7E536568}.Release|x64.Build.0 = Release|Any CPU
		{AAF5750D-D053-41E9-BEED-AC4A7E536568}.Release|x86.ActiveCfg = Release|Any CPU
		{AAF5750D-D053-41E9-BEED-AC4A7E536568}.Release|x86.Build.0 = Release|Any CPU
		{8767F92D-F754-45C2-9493-893DA09DE4D1}.Debug|Any CPU.ActiveCfg = Debug|Any CPU
		{8767F92D-F754-45C2-9493-893DA09DE4D1}.Debug|Any CPU.Build.0 = Debug|Any CPU
		{8767F92D-F754-45C2-9493-893DA09DE4D1}.Debug|x64.ActiveCfg = Debug|Any CPU
		{8767F92D-F754-45C2-9493-893DA09DE4D1}.Debug|x64.Build.0 = Debug|Any CPU
		{8767F92D-F754-45C2-9493-893DA09DE4D1}.Debug|x86.ActiveCfg = Debug|Any CPU
		{8767F92D-F754-45C2-9493-893DA09DE4D1}.Debug|x86.Build.0 = Debug|Any CPU
		{8767F92D-F754-45C2-9493-893DA09DE4D1}.Release|Any CPU.ActiveCfg = Release|Any CPU
		{8767F92D-F754-45C2-9493-893DA09DE4D1}.Release|Any CPU.Build.0 = Release|Any CPU
		{8767F92D-F754-45C2-9493-893DA09DE4D1}.Release|x64.ActiveCfg = Release|Any CPU
		{8767F92D-F754-45C2-9493-893DA09DE4D1}.Release|x64.Build.0 = Release|Any CPU
		{8767F92D-F754-45C2-9493-893DA09DE4D1}.Release|x86.ActiveCfg = Release|Any CPU
		{8767F92D-F754-45C2-9493-893DA09DE4D1}.Release|x86.Build.0 = Release|Any CPU
		{FC81A60F-D2B7-4472-9474-20921190F8C5}.Debug|Any CPU.ActiveCfg = Debug|Any CPU
		{FC81A60F-D2B7-4472-9474-20921190F8C5}.Debug|Any CPU.Build.0 = Debug|Any CPU
		{FC81A60F-D2B7-4472-9474-20921190F8C5}.Debug|x64.ActiveCfg = Debug|Any CPU
		{FC81A60F-D2B7-4472-9474-20921190F8C5}.Debug|x64.Build.0 = Debug|Any CPU
		{FC81A60F-D2B7-4472-9474-20921190F8C5}.Debug|x86.ActiveCfg = Debug|Any CPU
		{FC81A60F-D2B7-4472-9474-20921190F8C5}.Debug|x86.Build.0 = Debug|Any CPU
		{FC81A60F-D2B7-4472-9474-20921190F8C5}.Release|Any CPU.ActiveCfg = Release|Any CPU
		{FC81A60F-D2B7-4472-9474-20921190F8C5}.Release|Any CPU.Build.0 = Release|Any CPU
		{FC81A60F-D2B7-4472-9474-20921190F8C5}.Release|x64.ActiveCfg = Release|Any CPU
		{FC81A60F-D2B7-4472-9474-20921190F8C5}.Release|x64.Build.0 = Release|Any CPU
		{FC81A60F-D2B7-4472-9474-20921190F8C5}.Release|x86.ActiveCfg = Release|Any CPU
		{FC81A60F-D2B7-4472-9474-20921190F8C5}.Release|x86.Build.0 = Release|Any CPU
		{B05AA092-2311-4187-BC32-5FDC50C19A04}.Debug|Any CPU.ActiveCfg = Debug|Any CPU
		{B05AA092-2311-4187-BC32-5FDC50C19A04}.Debug|Any CPU.Build.0 = Debug|Any CPU
		{B05AA092-2311-4187-BC32-5FDC50C19A04}.Debug|x64.ActiveCfg = Debug|Any CPU
		{B05AA092-2311-4187-BC32-5FDC50C19A04}.Debug|x64.Build.0 = Debug|Any CPU
		{B05AA092-2311-4187-BC32-5FDC50C19A04}.Debug|x86.ActiveCfg = Debug|Any CPU
		{B05AA092-2311-4187-BC32-5FDC50C19A04}.Debug|x86.Build.0 = Debug|Any CPU
		{B05AA092-2311-4187-BC32-5FDC50C19A04}.Release|Any CPU.ActiveCfg = Release|Any CPU
		{B05AA092-2311-4187-BC32-5FDC50C19A04}.Release|Any CPU.Build.0 = Release|Any CPU
		{B05AA092-2311-4187-BC32-5FDC50C19A04}.Release|x64.ActiveCfg = Release|Any CPU
		{B05AA092-2311-4187-BC32-5FDC50C19A04}.Release|x64.Build.0 = Release|Any CPU
		{B05AA092-2311-4187-BC32-5FDC50C19A04}.Release|x86.ActiveCfg = Release|Any CPU
		{B05AA092-2311-4187-BC32-5FDC50C19A04}.Release|x86.Build.0 = Release|Any CPU
		{8A50E9DB-B503-476C-92CC-01384293D1B1}.Debug|Any CPU.ActiveCfg = Debug|Any CPU
		{8A50E9DB-B503-476C-92CC-01384293D1B1}.Debug|Any CPU.Build.0 = Debug|Any CPU
		{8A50E9DB-B503-476C-92CC-01384293D1B1}.Debug|x64.ActiveCfg = Debug|Any CPU
		{8A50E9DB-B503-476C-92CC-01384293D1B1}.Debug|x64.Build.0 = Debug|Any CPU
		{8A50E9DB-B503-476C-92CC-01384293D1B1}.Debug|x86.ActiveCfg = Debug|Any CPU
		{8A50E9DB-B503-476C-92CC-01384293D1B1}.Debug|x86.Build.0 = Debug|Any CPU
		{8A50E9DB-B503-476C-92CC-01384293D1B1}.Release|Any CPU.ActiveCfg = Release|Any CPU
		{8A50E9DB-B503-476C-92CC-01384293D1B1}.Release|Any CPU.Build.0 = Release|Any CPU
		{8A50E9DB-B503-476C-92CC-01384293D1B1}.Release|x64.ActiveCfg = Release|Any CPU
		{8A50E9DB-B503-476C-92CC-01384293D1B1}.Release|x64.Build.0 = Release|Any CPU
		{8A50E9DB-B503-476C-92CC-01384293D1B1}.Release|x86.ActiveCfg = Release|Any CPU
		{8A50E9DB-B503-476C-92CC-01384293D1B1}.Release|x86.Build.0 = Release|Any CPU
		{68E91140-4EC9-4FDD-947E-D976334B5160}.Debug|Any CPU.ActiveCfg = Debug|Any CPU
		{68E91140-4EC9-4FDD-947E-D976334B5160}.Debug|Any CPU.Build.0 = Debug|Any CPU
		{68E91140-4EC9-4FDD-947E-D976334B5160}.Debug|x64.ActiveCfg = Debug|Any CPU
		{68E91140-4EC9-4FDD-947E-D976334B5160}.Debug|x64.Build.0 = Debug|Any CPU
		{68E91140-4EC9-4FDD-947E-D976334B5160}.Debug|x86.ActiveCfg = Debug|Any CPU
		{68E91140-4EC9-4FDD-947E-D976334B5160}.Debug|x86.Build.0 = Debug|Any CPU
		{68E91140-4EC9-4FDD-947E-D976334B5160}.Release|Any CPU.ActiveCfg = Release|Any CPU
		{68E91140-4EC9-4FDD-947E-D976334B5160}.Release|Any CPU.Build.0 = Release|Any CPU
		{68E91140-4EC9-4FDD-947E-D976334B5160}.Release|x64.ActiveCfg = Release|Any CPU
		{68E91140-4EC9-4FDD-947E-D976334B5160}.Release|x64.Build.0 = Release|Any CPU
		{68E91140-4EC9-4FDD-947E-D976334B5160}.Release|x86.ActiveCfg = Release|Any CPU
		{68E91140-4EC9-4FDD-947E-D976334B5160}.Release|x86.Build.0 = Release|Any CPU
		{FE5770E7-996C-4E03-B232-B9669B80D9BA}.Debug|Any CPU.ActiveCfg = Debug|Any CPU
		{FE5770E7-996C-4E03-B232-B9669B80D9BA}.Debug|Any CPU.Build.0 = Debug|Any CPU
		{FE5770E7-996C-4E03-B232-B9669B80D9BA}.Debug|x64.ActiveCfg = Debug|Any CPU
		{FE5770E7-996C-4E03-B232-B9669B80D9BA}.Debug|x64.Build.0 = Debug|Any CPU
		{FE5770E7-996C-4E03-B232-B9669B80D9BA}.Debug|x86.ActiveCfg = Debug|Any CPU
		{FE5770E7-996C-4E03-B232-B9669B80D9BA}.Debug|x86.Build.0 = Debug|Any CPU
		{FE5770E7-996C-4E03-B232-B9669B80D9BA}.Release|Any CPU.ActiveCfg = Release|Any CPU
		{FE5770E7-996C-4E03-B232-B9669B80D9BA}.Release|Any CPU.Build.0 = Release|Any CPU
		{FE5770E7-996C-4E03-B232-B9669B80D9BA}.Release|x64.ActiveCfg = Release|Any CPU
		{FE5770E7-996C-4E03-B232-B9669B80D9BA}.Release|x64.Build.0 = Release|Any CPU
		{FE5770E7-996C-4E03-B232-B9669B80D9BA}.Release|x86.ActiveCfg = Release|Any CPU
		{FE5770E7-996C-4E03-B232-B9669B80D9BA}.Release|x86.Build.0 = Release|Any CPU
		{C51D0F70-3495-4F18-8B0E-42C2CB92E373}.Debug|Any CPU.ActiveCfg = Debug|Any CPU
		{C51D0F70-3495-4F18-8B0E-42C2CB92E373}.Debug|Any CPU.Build.0 = Debug|Any CPU
		{C51D0F70-3495-4F18-8B0E-42C2CB92E373}.Debug|x64.ActiveCfg = Debug|Any CPU
		{C51D0F70-3495-4F18-8B0E-42C2CB92E373}.Debug|x64.Build.0 = Debug|Any CPU
		{C51D0F70-3495-4F18-8B0E-42C2CB92E373}.Debug|x86.ActiveCfg = Debug|Any CPU
		{C51D0F70-3495-4F18-8B0E-42C2CB92E373}.Debug|x86.Build.0 = Debug|Any CPU
		{C51D0F70-3495-4F18-8B0E-42C2CB92E373}.Release|Any CPU.ActiveCfg = Release|Any CPU
		{C51D0F70-3495-4F18-8B0E-42C2CB92E373}.Release|Any CPU.Build.0 = Release|Any CPU
		{C51D0F70-3495-4F18-8B0E-42C2CB92E373}.Release|x64.ActiveCfg = Release|Any CPU
		{C51D0F70-3495-4F18-8B0E-42C2CB92E373}.Release|x64.Build.0 = Release|Any CPU
		{C51D0F70-3495-4F18-8B0E-42C2CB92E373}.Release|x86.ActiveCfg = Release|Any CPU
		{C51D0F70-3495-4F18-8B0E-42C2CB92E373}.Release|x86.Build.0 = Release|Any CPU
		{AD39FFEE-0EE8-48BA-A8D5-63477F2F97A6}.Debug|Any CPU.ActiveCfg = Debug|Any CPU
		{AD39FFEE-0EE8-48BA-A8D5-63477F2F97A6}.Debug|Any CPU.Build.0 = Debug|Any CPU
		{AD39FFEE-0EE8-48BA-A8D5-63477F2F97A6}.Debug|x64.ActiveCfg = Debug|Any CPU
		{AD39FFEE-0EE8-48BA-A8D5-63477F2F97A6}.Debug|x64.Build.0 = Debug|Any CPU
		{AD39FFEE-0EE8-48BA-A8D5-63477F2F97A6}.Debug|x86.ActiveCfg = Debug|Any CPU
		{AD39FFEE-0EE8-48BA-A8D5-63477F2F97A6}.Debug|x86.Build.0 = Debug|Any CPU
		{AD39FFEE-0EE8-48BA-A8D5-63477F2F97A6}.Release|Any CPU.ActiveCfg = Release|Any CPU
		{AD39FFEE-0EE8-48BA-A8D5-63477F2F97A6}.Release|Any CPU.Build.0 = Release|Any CPU
		{AD39FFEE-0EE8-48BA-A8D5-63477F2F97A6}.Release|x64.ActiveCfg = Release|Any CPU
		{AD39FFEE-0EE8-48BA-A8D5-63477F2F97A6}.Release|x64.Build.0 = Release|Any CPU
		{AD39FFEE-0EE8-48BA-A8D5-63477F2F97A6}.Release|x86.ActiveCfg = Release|Any CPU
		{AD39FFEE-0EE8-48BA-A8D5-63477F2F97A6}.Release|x86.Build.0 = Release|Any CPU
		{8E64483B-4452-4526-A3A6-999CB91EEA00}.Debug|Any CPU.ActiveCfg = Debug|Any CPU
		{8E64483B-4452-4526-A3A6-999CB91EEA00}.Debug|Any CPU.Build.0 = Debug|Any CPU
		{8E64483B-4452-4526-A3A6-999CB91EEA00}.Debug|x64.ActiveCfg = Debug|Any CPU
		{8E64483B-4452-4526-A3A6-999CB91EEA00}.Debug|x64.Build.0 = Debug|Any CPU
		{8E64483B-4452-4526-A3A6-999CB91EEA00}.Debug|x86.ActiveCfg = Debug|Any CPU
		{8E64483B-4452-4526-A3A6-999CB91EEA00}.Debug|x86.Build.0 = Debug|Any CPU
		{8E64483B-4452-4526-A3A6-999CB91EEA00}.Release|Any CPU.ActiveCfg = Release|Any CPU
		{8E64483B-4452-4526-A3A6-999CB91EEA00}.Release|Any CPU.Build.0 = Release|Any CPU
		{8E64483B-4452-4526-A3A6-999CB91EEA00}.Release|x64.ActiveCfg = Release|Any CPU
		{8E64483B-4452-4526-A3A6-999CB91EEA00}.Release|x64.Build.0 = Release|Any CPU
		{8E64483B-4452-4526-A3A6-999CB91EEA00}.Release|x86.ActiveCfg = Release|Any CPU
		{8E64483B-4452-4526-A3A6-999CB91EEA00}.Release|x86.Build.0 = Release|Any CPU
		{6D11B351-2365-4F4C-9611-085F434D683E}.Debug|Any CPU.ActiveCfg = Debug|Any CPU
		{6D11B351-2365-4F4C-9611-085F434D683E}.Debug|Any CPU.Build.0 = Debug|Any CPU
		{6D11B351-2365-4F4C-9611-085F434D683E}.Debug|x64.ActiveCfg = Debug|Any CPU
		{6D11B351-2365-4F4C-9611-085F434D683E}.Debug|x64.Build.0 = Debug|Any CPU
		{6D11B351-2365-4F4C-9611-085F434D683E}.Debug|x86.ActiveCfg = Debug|Any CPU
		{6D11B351-2365-4F4C-9611-085F434D683E}.Debug|x86.Build.0 = Debug|Any CPU
		{6D11B351-2365-4F4C-9611-085F434D683E}.Release|Any CPU.ActiveCfg = Release|Any CPU
		{6D11B351-2365-4F4C-9611-085F434D683E}.Release|Any CPU.Build.0 = Release|Any CPU
		{6D11B351-2365-4F4C-9611-085F434D683E}.Release|x64.ActiveCfg = Release|Any CPU
		{6D11B351-2365-4F4C-9611-085F434D683E}.Release|x64.Build.0 = Release|Any CPU
		{6D11B351-2365-4F4C-9611-085F434D683E}.Release|x86.ActiveCfg = Release|Any CPU
		{6D11B351-2365-4F4C-9611-085F434D683E}.Release|x86.Build.0 = Release|Any CPU
	EndGlobalSection
	GlobalSection(SolutionProperties) = preSolution
		HideSolutionNode = FALSE
	EndGlobalSection
	GlobalSection(NestedProjects) = preSolution
		{4733B661-986D-4DBE-9BD8-2D188B163F36} = {06782CD6-23B0-47BA-B7BC-8B5133B49816}
		{588DD25E-8123-4A87-B55E-85BB13AD94DB} = {71F56B41-B831-4B35-B233-E18382165190}
		{0BCF360E-8D89-4F4B-AF5B-C4072CB1BB4A} = {06782CD6-23B0-47BA-B7BC-8B5133B49816}
		{0C7B818F-944C-4823-8959-9AA3E3EC2671} = {71F56B41-B831-4B35-B233-E18382165190}
		{AAF5750D-D053-41E9-BEED-AC4A7E536568} = {71F56B41-B831-4B35-B233-E18382165190}
		{8767F92D-F754-45C2-9493-893DA09DE4D1} = {06782CD6-23B0-47BA-B7BC-8B5133B49816}
		{FC81A60F-D2B7-4472-9474-20921190F8C5} = {71F56B41-B831-4B35-B233-E18382165190}
		{B05AA092-2311-4187-BC32-5FDC50C19A04} = {06782CD6-23B0-47BA-B7BC-8B5133B49816}
		{8A50E9DB-B503-476C-92CC-01384293D1B1} = {71F56B41-B831-4B35-B233-E18382165190}
		{68E91140-4EC9-4FDD-947E-D976334B5160} = {06782CD6-23B0-47BA-B7BC-8B5133B49816}
		{FE5770E7-996C-4E03-B232-B9669B80D9BA} = {71F56B41-B831-4B35-B233-E18382165190}
		{C51D0F70-3495-4F18-8B0E-42C2CB92E373} = {06782CD6-23B0-47BA-B7BC-8B5133B49816}
		{AD39FFEE-0EE8-48BA-A8D5-63477F2F97A6} = {71F56B41-B831-4B35-B233-E18382165190}
		{8E64483B-4452-4526-A3A6-999CB91EEA00} = {06782CD6-23B0-47BA-B7BC-8B5133B49816}
		{6D11B351-2365-4F4C-9611-085F434D683E} = {71F56B41-B831-4B35-B233-E18382165190}
	EndGlobalSection
	GlobalSection(ExtensibilityGlobals) = postSolution
		SolutionGuid = {54C75489-606F-43DC-AC81-FC7528E7FB28}
	EndGlobalSection
EndGlobal
