
Microsoft Visual Studio Solution File, Format Version 12.00
# Visual Studio Version 16
VisualStudioVersion = 16.0.30021.99
MinimumVisualStudioVersion = 15.0.26124.0
Project("{2150E333-8FDC-42A3-9474-1A3956D46DE8}") = "src", "src", "{24297E43-67D4-4A71-8535-B9281C502A43}"
EndProject
Project("{2150E333-8FDC-42A3-9474-1A3956D46DE8}") = "test", "test", "{217781CE-38CE-497A-8CA1-E9D06D24947E}"
EndProject
Project("{9A19103F-16F7-4668-BE54-9A1E7A4F7556}") = "DataLayer", "src\DataLayer\DataLayer.csproj", "{91058765-F4A2-40E7-95B4-029323BB769A}"
EndProject
Project("{9A19103F-16F7-4668-BE54-9A1E7A4F7556}") = "RichPresentationLayer", "src\RichPresentationLayer\RichPresentationLayer.csproj", "{EEDA7FB4-8AA0-4A21-97D7-1B0C499FC983}"
EndProject
Project("{9A19103F-16F7-4668-BE54-9A1E7A4F7556}") = "RichDomainLayer", "src\RichDomainLayer\RichDomainLayer.csproj", "{E353C3C0-B385-4201-9DBC-8F9200C112C7}"
EndProject
Project("{9A19103F-16F7-4668-BE54-9A1E7A4F7556}") = "RichDomainLayer.Tests", "test\RichDomainLayer.Tests\RichDomainLayer.Tests.csproj", "{07E172C7-8675-4FCC-AA70-6CFF7BAC3D57}"
EndProject
Project("{9A19103F-16F7-4668-BE54-9A1E7A4F7556}") = "DataLayer.Tests", "test\DataLayer.Tests\DataLayer.Tests.csproj", "{48CA8F33-8BFB-4E34-93A2-6040BF01D75C}"
EndProject
Project("{9A19103F-16F7-4668-BE54-9A1E7A4F7556}") = "RichPresentationLayer.Tests", "test\RichPresentationLayer.Tests\RichPresentationLayer.Tests.csproj", "{6AEF1945-EAEB-4ACA-B154-3247F0B7B92F}"
EndProject
Project("{9A19103F-16F7-4668-BE54-9A1E7A4F7556}") = "AnemicDomainLayer.Tests", "test\AnemicDomainLayer.Tests\AnemicDomainLayer.Tests.csproj", "{1C5E7E10-C8DC-4279-9E0F-F811AC05EFF5}"
EndProject
Project("{9A19103F-16F7-4668-BE54-9A1E7A4F7556}") = "AnemicDomainLayer", "src\AnemicDomainLayer\AnemicDomainLayer.csproj", "{14660F65-264E-43E4-98A8-24CA0AF038E4}"
EndProject
Project("{9A19103F-16F7-4668-BE54-9A1E7A4F7556}") = "AnemicPresentationLayer", "src\AnemicPresentationLayer\AnemicPresentationLayer.csproj", "{2BC7ADAC-C404-43C7-892D-AC2877E562C7}"
EndProject
Project("{9A19103F-16F7-4668-BE54-9A1E7A4F7556}") = "AnemicPresentationLayer.Tests", "test\AnemicRichPresentationLayer.Tests\AnemicPresentationLayer.Tests.csproj", "{4633F20B-807B-4DDE-A59F-2C1F478C2D8B}"
EndProject
Project("{2150E333-8FDC-42A3-9474-1A3956D46DE8}") = "Anemic Model", "Anemic Model", "{15688519-F74A-4E26-8642-33945937FE75}"
EndProject
Project("{2150E333-8FDC-42A3-9474-1A3956D46DE8}") = "Rich Model", "Rich Model", "{71E3E5D9-C0DB-428C-8E8F-3465C6A143EB}"
EndProject
Global
	GlobalSection(SolutionConfigurationPlatforms) = preSolution
		Debug|Any CPU = Debug|Any CPU
		Debug|x64 = Debug|x64
		Debug|x86 = Debug|x86
		Release|Any CPU = Release|Any CPU
		Release|x64 = Release|x64
		Release|x86 = Release|x86
	EndGlobalSection
	GlobalSection(ProjectConfigurationPlatforms) = postSolution
		{91058765-F4A2-40E7-95B4-029323BB769A}.Debug|Any CPU.ActiveCfg = Debug|Any CPU
		{91058765-F4A2-40E7-95B4-029323BB769A}.Debug|Any CPU.Build.0 = Debug|Any CPU
		{91058765-F4A2-40E7-95B4-029323BB769A}.Debug|x64.ActiveCfg = Debug|Any CPU
		{91058765-F4A2-40E7-95B4-029323BB769A}.Debug|x64.Build.0 = Debug|Any CPU
		{91058765-F4A2-40E7-95B4-029323BB769A}.Debug|x86.ActiveCfg = Debug|Any CPU
		{91058765-F4A2-40E7-95B4-029323BB769A}.Debug|x86.Build.0 = Debug|Any CPU
		{91058765-F4A2-40E7-95B4-029323BB769A}.Release|Any CPU.ActiveCfg = Release|Any CPU
		{91058765-F4A2-40E7-95B4-029323BB769A}.Release|Any CPU.Build.0 = Release|Any CPU
		{91058765-F4A2-40E7-95B4-029323BB769A}.Release|x64.ActiveCfg = Release|Any CPU
		{91058765-F4A2-40E7-95B4-029323BB769A}.Release|x64.Build.0 = Release|Any CPU
		{91058765-F4A2-40E7-95B4-029323BB769A}.Release|x86.ActiveCfg = Release|Any CPU
		{91058765-F4A2-40E7-95B4-029323BB769A}.Release|x86.Build.0 = Release|Any CPU
		{EEDA7FB4-8AA0-4A21-97D7-1B0C499FC983}.Debug|Any CPU.ActiveCfg = Debug|Any CPU
		{EEDA7FB4-8AA0-4A21-97D7-1B0C499FC983}.Debug|Any CPU.Build.0 = Debug|Any CPU
		{EEDA7FB4-8AA0-4A21-97D7-1B0C499FC983}.Debug|x64.ActiveCfg = Debug|Any CPU
		{EEDA7FB4-8AA0-4A21-97D7-1B0C499FC983}.Debug|x64.Build.0 = Debug|Any CPU
		{EEDA7FB4-8AA0-4A21-97D7-1B0C499FC983}.Debug|x86.ActiveCfg = Debug|Any CPU
		{EEDA7FB4-8AA0-4A21-97D7-1B0C499FC983}.Debug|x86.Build.0 = Debug|Any CPU
		{EEDA7FB4-8AA0-4A21-97D7-1B0C499FC983}.Release|Any CPU.ActiveCfg = Release|Any CPU
		{EEDA7FB4-8AA0-4A21-97D7-1B0C499FC983}.Release|Any CPU.Build.0 = Release|Any CPU
		{EEDA7FB4-8AA0-4A21-97D7-1B0C499FC983}.Release|x64.ActiveCfg = Release|Any CPU
		{EEDA7FB4-8AA0-4A21-97D7-1B0C499FC983}.Release|x64.Build.0 = Release|Any CPU
		{EEDA7FB4-8AA0-4A21-97D7-1B0C499FC983}.Release|x86.ActiveCfg = Release|Any CPU
		{EEDA7FB4-8AA0-4A21-97D7-1B0C499FC983}.Release|x86.Build.0 = Release|Any CPU
		{E353C3C0-B385-4201-9DBC-8F9200C112C7}.Debug|Any CPU.ActiveCfg = Debug|Any CPU
		{E353C3C0-B385-4201-9DBC-8F9200C112C7}.Debug|Any CPU.Build.0 = Debug|Any CPU
		{E353C3C0-B385-4201-9DBC-8F9200C112C7}.Debug|x64.ActiveCfg = Debug|Any CPU
		{E353C3C0-B385-4201-9DBC-8F9200C112C7}.Debug|x64.Build.0 = Debug|Any CPU
		{E353C3C0-B385-4201-9DBC-8F9200C112C7}.Debug|x86.ActiveCfg = Debug|Any CPU
		{E353C3C0-B385-4201-9DBC-8F9200C112C7}.Debug|x86.Build.0 = Debug|Any CPU
		{E353C3C0-B385-4201-9DBC-8F9200C112C7}.Release|Any CPU.ActiveCfg = Release|Any CPU
		{E353C3C0-B385-4201-9DBC-8F9200C112C7}.Release|Any CPU.Build.0 = Release|Any CPU
		{E353C3C0-B385-4201-9DBC-8F9200C112C7}.Release|x64.ActiveCfg = Release|Any CPU
		{E353C3C0-B385-4201-9DBC-8F9200C112C7}.Release|x64.Build.0 = Release|Any CPU
		{E353C3C0-B385-4201-9DBC-8F9200C112C7}.Release|x86.ActiveCfg = Release|Any CPU
		{E353C3C0-B385-4201-9DBC-8F9200C112C7}.Release|x86.Build.0 = Release|Any CPU
		{07E172C7-8675-4FCC-AA70-6CFF7BAC3D57}.Debug|Any CPU.ActiveCfg = Debug|Any CPU
		{07E172C7-8675-4FCC-AA70-6CFF7BAC3D57}.Debug|Any CPU.Build.0 = Debug|Any CPU
		{07E172C7-8675-4FCC-AA70-6CFF7BAC3D57}.Debug|x64.ActiveCfg = Debug|Any CPU
		{07E172C7-8675-4FCC-AA70-6CFF7BAC3D57}.Debug|x64.Build.0 = Debug|Any CPU
		{07E172C7-8675-4FCC-AA70-6CFF7BAC3D57}.Debug|x86.ActiveCfg = Debug|Any CPU
		{07E172C7-8675-4FCC-AA70-6CFF7BAC3D57}.Debug|x86.Build.0 = Debug|Any CPU
		{07E172C7-8675-4FCC-AA70-6CFF7BAC3D57}.Release|Any CPU.ActiveCfg = Release|Any CPU
		{07E172C7-8675-4FCC-AA70-6CFF7BAC3D57}.Release|Any CPU.Build.0 = Release|Any CPU
		{07E172C7-8675-4FCC-AA70-6CFF7BAC3D57}.Release|x64.ActiveCfg = Release|Any CPU
		{07E172C7-8675-4FCC-AA70-6CFF7BAC3D57}.Release|x64.Build.0 = Release|Any CPU
		{07E172C7-8675-4FCC-AA70-6CFF7BAC3D57}.Release|x86.ActiveCfg = Release|Any CPU
		{07E172C7-8675-4FCC-AA70-6CFF7BAC3D57}.Release|x86.Build.0 = Release|Any CPU
		{48CA8F33-8BFB-4E34-93A2-6040BF01D75C}.Debug|Any CPU.ActiveCfg = Debug|Any CPU
		{48CA8F33-8BFB-4E34-93A2-6040BF01D75C}.Debug|Any CPU.Build.0 = Debug|Any CPU
		{48CA8F33-8BFB-4E34-93A2-6040BF01D75C}.Debug|x64.ActiveCfg = Debug|Any CPU
		{48CA8F33-8BFB-4E34-93A2-6040BF01D75C}.Debug|x64.Build.0 = Debug|Any CPU
		{48CA8F33-8BFB-4E34-93A2-6040BF01D75C}.Debug|x86.ActiveCfg = Debug|Any CPU
		{48CA8F33-8BFB-4E34-93A2-6040BF01D75C}.Debug|x86.Build.0 = Debug|Any CPU
		{48CA8F33-8BFB-4E34-93A2-6040BF01D75C}.Release|Any CPU.ActiveCfg = Release|Any CPU
		{48CA8F33-8BFB-4E34-93A2-6040BF01D75C}.Release|Any CPU.Build.0 = Release|Any CPU
		{48CA8F33-8BFB-4E34-93A2-6040BF01D75C}.Release|x64.ActiveCfg = Release|Any CPU
		{48CA8F33-8BFB-4E34-93A2-6040BF01D75C}.Release|x64.Build.0 = Release|Any CPU
		{48CA8F33-8BFB-4E34-93A2-6040BF01D75C}.Release|x86.ActiveCfg = Release|Any CPU
		{48CA8F33-8BFB-4E34-93A2-6040BF01D75C}.Release|x86.Build.0 = Release|Any CPU
		{6AEF1945-EAEB-4ACA-B154-3247F0B7B92F}.Debug|Any CPU.ActiveCfg = Debug|Any CPU
		{6AEF1945-EAEB-4ACA-B154-3247F0B7B92F}.Debug|Any CPU.Build.0 = Debug|Any CPU
		{6AEF1945-EAEB-4ACA-B154-3247F0B7B92F}.Debug|x64.ActiveCfg = Debug|Any CPU
		{6AEF1945-EAEB-4ACA-B154-3247F0B7B92F}.Debug|x64.Build.0 = Debug|Any CPU
		{6AEF1945-EAEB-4ACA-B154-3247F0B7B92F}.Debug|x86.ActiveCfg = Debug|Any CPU
		{6AEF1945-EAEB-4ACA-B154-3247F0B7B92F}.Debug|x86.Build.0 = Debug|Any CPU
		{6AEF1945-EAEB-4ACA-B154-3247F0B7B92F}.Release|Any CPU.ActiveCfg = Release|Any CPU
		{6AEF1945-EAEB-4ACA-B154-3247F0B7B92F}.Release|Any CPU.Build.0 = Release|Any CPU
		{6AEF1945-EAEB-4ACA-B154-3247F0B7B92F}.Release|x64.ActiveCfg = Release|Any CPU
		{6AEF1945-EAEB-4ACA-B154-3247F0B7B92F}.Release|x64.Build.0 = Release|Any CPU
		{6AEF1945-EAEB-4ACA-B154-3247F0B7B92F}.Release|x86.ActiveCfg = Release|Any CPU
		{6AEF1945-EAEB-4ACA-B154-3247F0B7B92F}.Release|x86.Build.0 = Release|Any CPU
		{1C5E7E10-C8DC-4279-9E0F-F811AC05EFF5}.Debug|Any CPU.ActiveCfg = Debug|Any CPU
		{1C5E7E10-C8DC-4279-9E0F-F811AC05EFF5}.Debug|Any CPU.Build.0 = Debug|Any CPU
		{1C5E7E10-C8DC-4279-9E0F-F811AC05EFF5}.Debug|x64.ActiveCfg = Debug|Any CPU
		{1C5E7E10-C8DC-4279-9E0F-F811AC05EFF5}.Debug|x64.Build.0 = Debug|Any CPU
		{1C5E7E10-C8DC-4279-9E0F-F811AC05EFF5}.Debug|x86.ActiveCfg = Debug|Any CPU
		{1C5E7E10-C8DC-4279-9E0F-F811AC05EFF5}.Debug|x86.Build.0 = Debug|Any CPU
		{1C5E7E10-C8DC-4279-9E0F-F811AC05EFF5}.Release|Any CPU.ActiveCfg = Release|Any CPU
		{1C5E7E10-C8DC-4279-9E0F-F811AC05EFF5}.Release|Any CPU.Build.0 = Release|Any CPU
		{1C5E7E10-C8DC-4279-9E0F-F811AC05EFF5}.Release|x64.ActiveCfg = Release|Any CPU
		{1C5E7E10-C8DC-4279-9E0F-F811AC05EFF5}.Release|x64.Build.0 = Release|Any CPU
		{1C5E7E10-C8DC-4279-9E0F-F811AC05EFF5}.Release|x86.ActiveCfg = Release|Any CPU
		{1C5E7E10-C8DC-4279-9E0F-F811AC05EFF5}.Release|x86.Build.0 = Release|Any CPU
		{14660F65-264E-43E4-98A8-24CA0AF038E4}.Debug|Any CPU.ActiveCfg = Debug|Any CPU
		{14660F65-264E-43E4-98A8-24CA0AF038E4}.Debug|Any CPU.Build.0 = Debug|Any CPU
		{14660F65-264E-43E4-98A8-24CA0AF038E4}.Debug|x64.ActiveCfg = Debug|Any CPU
		{14660F65-264E-43E4-98A8-24CA0AF038E4}.Debug|x64.Build.0 = Debug|Any CPU
		{14660F65-264E-43E4-98A8-24CA0AF038E4}.Debug|x86.ActiveCfg = Debug|Any CPU
		{14660F65-264E-43E4-98A8-24CA0AF038E4}.Debug|x86.Build.0 = Debug|Any CPU
		{14660F65-264E-43E4-98A8-24CA0AF038E4}.Release|Any CPU.ActiveCfg = Release|Any CPU
		{14660F65-264E-43E4-98A8-24CA0AF038E4}.Release|Any CPU.Build.0 = Release|Any CPU
		{14660F65-264E-43E4-98A8-24CA0AF038E4}.Release|x64.ActiveCfg = Release|Any CPU
		{14660F65-264E-43E4-98A8-24CA0AF038E4}.Release|x64.Build.0 = Release|Any CPU
		{14660F65-264E-43E4-98A8-24CA0AF038E4}.Release|x86.ActiveCfg = Release|Any CPU
		{14660F65-264E-43E4-98A8-24CA0AF038E4}.Release|x86.Build.0 = Release|Any CPU
		{2BC7ADAC-C404-43C7-892D-AC2877E562C7}.Debug|Any CPU.ActiveCfg = Debug|Any CPU
		{2BC7ADAC-C404-43C7-892D-AC2877E562C7}.Debug|Any CPU.Build.0 = Debug|Any CPU
		{2BC7ADAC-C404-43C7-892D-AC2877E562C7}.Debug|x64.ActiveCfg = Debug|Any CPU
		{2BC7ADAC-C404-43C7-892D-AC2877E562C7}.Debug|x64.Build.0 = Debug|Any CPU
		{2BC7ADAC-C404-43C7-892D-AC2877E562C7}.Debug|x86.ActiveCfg = Debug|Any CPU
		{2BC7ADAC-C404-43C7-892D-AC2877E562C7}.Debug|x86.Build.0 = Debug|Any CPU
		{2BC7ADAC-C404-43C7-892D-AC2877E562C7}.Release|Any CPU.ActiveCfg = Release|Any CPU
		{2BC7ADAC-C404-43C7-892D-AC2877E562C7}.Release|Any CPU.Build.0 = Release|Any CPU
		{2BC7ADAC-C404-43C7-892D-AC2877E562C7}.Release|x64.ActiveCfg = Release|Any CPU
		{2BC7ADAC-C404-43C7-892D-AC2877E562C7}.Release|x64.Build.0 = Release|Any CPU
		{2BC7ADAC-C404-43C7-892D-AC2877E562C7}.Release|x86.ActiveCfg = Release|Any CPU
		{2BC7ADAC-C404-43C7-892D-AC2877E562C7}.Release|x86.Build.0 = Release|Any CPU
		{4633F20B-807B-4DDE-A59F-2C1F478C2D8B}.Debug|Any CPU.ActiveCfg = Debug|Any CPU
		{4633F20B-807B-4DDE-A59F-2C1F478C2D8B}.Debug|Any CPU.Build.0 = Debug|Any CPU
		{4633F20B-807B-4DDE-A59F-2C1F478C2D8B}.Debug|x64.ActiveCfg = Debug|Any CPU
		{4633F20B-807B-4DDE-A59F-2C1F478C2D8B}.Debug|x64.Build.0 = Debug|Any CPU
		{4633F20B-807B-4DDE-A59F-2C1F478C2D8B}.Debug|x86.ActiveCfg = Debug|Any CPU
		{4633F20B-807B-4DDE-A59F-2C1F478C2D8B}.Debug|x86.Build.0 = Debug|Any CPU
		{4633F20B-807B-4DDE-A59F-2C1F478C2D8B}.Release|Any CPU.ActiveCfg = Release|Any CPU
		{4633F20B-807B-4DDE-A59F-2C1F478C2D8B}.Release|Any CPU.Build.0 = Release|Any CPU
		{4633F20B-807B-4DDE-A59F-2C1F478C2D8B}.Release|x64.ActiveCfg = Release|Any CPU
		{4633F20B-807B-4DDE-A59F-2C1F478C2D8B}.Release|x64.Build.0 = Release|Any CPU
		{4633F20B-807B-4DDE-A59F-2C1F478C2D8B}.Release|x86.ActiveCfg = Release|Any CPU
		{4633F20B-807B-4DDE-A59F-2C1F478C2D8B}.Release|x86.Build.0 = Release|Any CPU
	EndGlobalSection
	GlobalSection(SolutionProperties) = preSolution
		HideSolutionNode = FALSE
	EndGlobalSection
	GlobalSection(NestedProjects) = preSolution
		{91058765-F4A2-40E7-95B4-029323BB769A} = {24297E43-67D4-4A71-8535-B9281C502A43}
		{EEDA7FB4-8AA0-4A21-97D7-1B0C499FC983} = {71E3E5D9-C0DB-428C-8E8F-3465C6A143EB}
		{E353C3C0-B385-4201-9DBC-8F9200C112C7} = {71E3E5D9-C0DB-428C-8E8F-3465C6A143EB}
		{07E172C7-8675-4FCC-AA70-6CFF7BAC3D57} = {217781CE-38CE-497A-8CA1-E9D06D24947E}
		{48CA8F33-8BFB-4E34-93A2-6040BF01D75C} = {217781CE-38CE-497A-8CA1-E9D06D24947E}
		{6AEF1945-EAEB-4ACA-B154-3247F0B7B92F} = {217781CE-38CE-497A-8CA1-E9D06D24947E}
		{1C5E7E10-C8DC-4279-9E0F-F811AC05EFF5} = {217781CE-38CE-497A-8CA1-E9D06D24947E}
		{14660F65-264E-43E4-98A8-24CA0AF038E4} = {15688519-F74A-4E26-8642-33945937FE75}
		{2BC7ADAC-C404-43C7-892D-AC2877E562C7} = {15688519-F74A-4E26-8642-33945937FE75}
		{4633F20B-807B-4DDE-A59F-2C1F478C2D8B} = {217781CE-38CE-497A-8CA1-E9D06D24947E}
		{15688519-F74A-4E26-8642-33945937FE75} = {24297E43-67D4-4A71-8535-B9281C502A43}
		{71E3E5D9-C0DB-428C-8E8F-3465C6A143EB} = {24297E43-67D4-4A71-8535-B9281C502A43}
	EndGlobalSection
	GlobalSection(ExtensibilityGlobals) = postSolution
		SolutionGuid = {F5E952FB-4E0B-4989-BBBF-8CEAFDA2AC39}
	EndGlobalSection
EndGlobal
