
Microsoft Visual Studio Solution File, Format Version 12.00
# Visual Studio 15
VisualStudioVersion = 15.0.26124.0
MinimumVisualStudioVersion = 15.0.26124.0
Project("{2150E333-8FDC-42A3-9474-1A3956D46DE8}") = "src", "src", "{B430CBAD-3FD9-4867-889A-23036E23DEF4}"
EndProject
Project("{FAE04EC0-301F-11D3-BF4B-00C04F79EFBC}") = "TemplateMethod", "src\TemplateMethod\TemplateMethod.csproj", "{04531501-293C-4366-9B7E-05D689A7768B}"
EndProject
Project("{2150E333-8FDC-42A3-9474-1A3956D46DE8}") = "test", "test", "{3AE729E8-4BC4-477A-8817-9AEF249D1890}"
EndProject
Project("{FAE04EC0-301F-11D3-BF4B-00C04F79EFBC}") = "TemplateMethod.Tests", "test\TemplateMethod.Tests\TemplateMethod.Tests.csproj", "{D6B7F64D-EE3D-4AA1-B1FD-1C080734B413}"
EndProject
Project("{FAE04EC0-301F-11D3-BF4B-00C04F79EFBC}") = "ChainOfResponsibility", "src\ChainOfResponsibility\ChainOfResponsibility.csproj", "{42825E4E-58D7-43E0-815E-8C90E3657240}"
EndProject
Project("{FAE04EC0-301F-11D3-BF4B-00C04F79EFBC}") = "ChainOfResponsibility.Tests", "test\ChainOfResponsibility.Tests\ChainOfResponsibility.Tests.csproj", "{B2099FDD-9A8D-4F2C-858C-97F5C4DADBBD}"
EndProject
Project("{FAE04EC0-301F-11D3-BF4B-00C04F79EFBC}") = "ImprovedChainOfResponsibility", "src\ImprovedChainOfResponsibility\ImprovedChainOfResponsibility.csproj", "{FC8991F3-0D97-4534-A1C0-7D842381792F}"
EndProject
Project("{FAE04EC0-301F-11D3-BF4B-00C04F79EFBC}") = "ImprovedChainOfResponsibility.Tests", "test\ImprovedChainOfResponsibility.Tests\ImprovedChainOfResponsibility.Tests.csproj", "{2DAFA3FD-7C90-4F91-A101-0FA456938B62}"
EndProject
Project("{FAE04EC0-301F-11D3-BF4B-00C04F79EFBC}") = "FinalChainOfResponsibility", "src\FinalChainOfResponsibility\FinalChainOfResponsibility.csproj", "{E951A263-42E4-487E-8EFA-2CC4CCE9F30F}"
EndProject
Project("{FAE04EC0-301F-11D3-BF4B-00C04F79EFBC}") = "FinalChainOfResponsibility.Tests", "test\FinalChainOfResponsibility.Tests\FinalChainOfResponsibility.Tests.csproj", "{4FB5E03E-A184-4B77-AC6E-94080D66F656}"
EndProject
Global
	GlobalSection(SolutionConfigurationPlatforms) = preSolution
		Debug|Any CPU = Debug|Any CPU
		Debug|x64 = Debug|x64
		Debug|x86 = Debug|x86
		Release|Any CPU = Release|Any CPU
		Release|x64 = Release|x64
		Release|x86 = Release|x86
	EndGlobalSection
	GlobalSection(SolutionProperties) = preSolution
		HideSolutionNode = FALSE
	EndGlobalSection
	GlobalSection(ProjectConfigurationPlatforms) = postSolution
		{04531501-293C-4366-9B7E-05D689A7768B}.Debug|Any CPU.ActiveCfg = Debug|Any CPU
		{04531501-293C-4366-9B7E-05D689A7768B}.Debug|Any CPU.Build.0 = Debug|Any CPU
		{04531501-293C-4366-9B7E-05D689A7768B}.Debug|x64.ActiveCfg = Debug|Any CPU
		{04531501-293C-4366-9B7E-05D689A7768B}.Debug|x64.Build.0 = Debug|Any CPU
		{04531501-293C-4366-9B7E-05D689A7768B}.Debug|x86.ActiveCfg = Debug|Any CPU
		{04531501-293C-4366-9B7E-05D689A7768B}.Debug|x86.Build.0 = Debug|Any CPU
		{04531501-293C-4366-9B7E-05D689A7768B}.Release|Any CPU.ActiveCfg = Release|Any CPU
		{04531501-293C-4366-9B7E-05D689A7768B}.Release|Any CPU.Build.0 = Release|Any CPU
		{04531501-293C-4366-9B7E-05D689A7768B}.Release|x64.ActiveCfg = Release|Any CPU
		{04531501-293C-4366-9B7E-05D689A7768B}.Release|x64.Build.0 = Release|Any CPU
		{04531501-293C-4366-9B7E-05D689A7768B}.Release|x86.ActiveCfg = Release|Any CPU
		{04531501-293C-4366-9B7E-05D689A7768B}.Release|x86.Build.0 = Release|Any CPU
		{D6B7F64D-EE3D-4AA1-B1FD-1C080734B413}.Debug|Any CPU.ActiveCfg = Debug|Any CPU
		{D6B7F64D-EE3D-4AA1-B1FD-1C080734B413}.Debug|Any CPU.Build.0 = Debug|Any CPU
		{D6B7F64D-EE3D-4AA1-B1FD-1C080734B413}.Debug|x64.ActiveCfg = Debug|Any CPU
		{D6B7F64D-EE3D-4AA1-B1FD-1C080734B413}.Debug|x64.Build.0 = Debug|Any CPU
		{D6B7F64D-EE3D-4AA1-B1FD-1C080734B413}.Debug|x86.ActiveCfg = Debug|Any CPU
		{D6B7F64D-EE3D-4AA1-B1FD-1C080734B413}.Debug|x86.Build.0 = Debug|Any CPU
		{D6B7F64D-EE3D-4AA1-B1FD-1C080734B413}.Release|Any CPU.ActiveCfg = Release|Any CPU
		{D6B7F64D-EE3D-4AA1-B1FD-1C080734B413}.Release|Any CPU.Build.0 = Release|Any CPU
		{D6B7F64D-EE3D-4AA1-B1FD-1C080734B413}.Release|x64.ActiveCfg = Release|Any CPU
		{D6B7F64D-EE3D-4AA1-B1FD-1C080734B413}.Release|x64.Build.0 = Release|Any CPU
		{D6B7F64D-EE3D-4AA1-B1FD-1C080734B413}.Release|x86.ActiveCfg = Release|Any CPU
		{D6B7F64D-EE3D-4AA1-B1FD-1C080734B413}.Release|x86.Build.0 = Release|Any CPU
		{42825E4E-58D7-43E0-815E-8C90E3657240}.Debug|Any CPU.ActiveCfg = Debug|Any CPU
		{42825E4E-58D7-43E0-815E-8C90E3657240}.Debug|Any CPU.Build.0 = Debug|Any CPU
		{42825E4E-58D7-43E0-815E-8C90E3657240}.Debug|x64.ActiveCfg = Debug|Any CPU
		{42825E4E-58D7-43E0-815E-8C90E3657240}.Debug|x64.Build.0 = Debug|Any CPU
		{42825E4E-58D7-43E0-815E-8C90E3657240}.Debug|x86.ActiveCfg = Debug|Any CPU
		{42825E4E-58D7-43E0-815E-8C90E3657240}.Debug|x86.Build.0 = Debug|Any CPU
		{42825E4E-58D7-43E0-815E-8C90E3657240}.Release|Any CPU.ActiveCfg = Release|Any CPU
		{42825E4E-58D7-43E0-815E-8C90E3657240}.Release|Any CPU.Build.0 = Release|Any CPU
		{42825E4E-58D7-43E0-815E-8C90E3657240}.Release|x64.ActiveCfg = Release|Any CPU
		{42825E4E-58D7-43E0-815E-8C90E3657240}.Release|x64.Build.0 = Release|Any CPU
		{42825E4E-58D7-43E0-815E-8C90E3657240}.Release|x86.ActiveCfg = Release|Any CPU
		{42825E4E-58D7-43E0-815E-8C90E3657240}.Release|x86.Build.0 = Release|Any CPU
		{B2099FDD-9A8D-4F2C-858C-97F5C4DADBBD}.Debug|Any CPU.ActiveCfg = Debug|Any CPU
		{B2099FDD-9A8D-4F2C-858C-97F5C4DADBBD}.Debug|Any CPU.Build.0 = Debug|Any CPU
		{B2099FDD-9A8D-4F2C-858C-97F5C4DADBBD}.Debug|x64.ActiveCfg = Debug|Any CPU
		{B2099FDD-9A8D-4F2C-858C-97F5C4DADBBD}.Debug|x64.Build.0 = Debug|Any CPU
		{B2099FDD-9A8D-4F2C-858C-97F5C4DADBBD}.Debug|x86.ActiveCfg = Debug|Any CPU
		{B2099FDD-9A8D-4F2C-858C-97F5C4DADBBD}.Debug|x86.Build.0 = Debug|Any CPU
		{B2099FDD-9A8D-4F2C-858C-97F5C4DADBBD}.Release|Any CPU.ActiveCfg = Release|Any CPU
		{B2099FDD-9A8D-4F2C-858C-97F5C4DADBBD}.Release|Any CPU.Build.0 = Release|Any CPU
		{B2099FDD-9A8D-4F2C-858C-97F5C4DADBBD}.Release|x64.ActiveCfg = Release|Any CPU
		{B2099FDD-9A8D-4F2C-858C-97F5C4DADBBD}.Release|x64.Build.0 = Release|Any CPU
		{B2099FDD-9A8D-4F2C-858C-97F5C4DADBBD}.Release|x86.ActiveCfg = Release|Any CPU
		{B2099FDD-9A8D-4F2C-858C-97F5C4DADBBD}.Release|x86.Build.0 = Release|Any CPU
		{FC8991F3-0D97-4534-A1C0-7D842381792F}.Debug|Any CPU.ActiveCfg = Debug|Any CPU
		{FC8991F3-0D97-4534-A1C0-7D842381792F}.Debug|Any CPU.Build.0 = Debug|Any CPU
		{FC8991F3-0D97-4534-A1C0-7D842381792F}.Debug|x64.ActiveCfg = Debug|Any CPU
		{FC8991F3-0D97-4534-A1C0-7D842381792F}.Debug|x64.Build.0 = Debug|Any CPU
		{FC8991F3-0D97-4534-A1C0-7D842381792F}.Debug|x86.ActiveCfg = Debug|Any CPU
		{FC8991F3-0D97-4534-A1C0-7D842381792F}.Debug|x86.Build.0 = Debug|Any CPU
		{FC8991F3-0D97-4534-A1C0-7D842381792F}.Release|Any CPU.ActiveCfg = Release|Any CPU
		{FC8991F3-0D97-4534-A1C0-7D842381792F}.Release|Any CPU.Build.0 = Release|Any CPU
		{FC8991F3-0D97-4534-A1C0-7D842381792F}.Release|x64.ActiveCfg = Release|Any CPU
		{FC8991F3-0D97-4534-A1C0-7D842381792F}.Release|x64.Build.0 = Release|Any CPU
		{FC8991F3-0D97-4534-A1C0-7D842381792F}.Release|x86.ActiveCfg = Release|Any CPU
		{FC8991F3-0D97-4534-A1C0-7D842381792F}.Release|x86.Build.0 = Release|Any CPU
		{2DAFA3FD-7C90-4F91-A101-0FA456938B62}.Debug|Any CPU.ActiveCfg = Debug|Any CPU
		{2DAFA3FD-7C90-4F91-A101-0FA456938B62}.Debug|Any CPU.Build.0 = Debug|Any CPU
		{2DAFA3FD-7C90-4F91-A101-0FA456938B62}.Debug|x64.ActiveCfg = Debug|Any CPU
		{2DAFA3FD-7C90-4F91-A101-0FA456938B62}.Debug|x64.Build.0 = Debug|Any CPU
		{2DAFA3FD-7C90-4F91-A101-0FA456938B62}.Debug|x86.ActiveCfg = Debug|Any CPU
		{2DAFA3FD-7C90-4F91-A101-0FA456938B62}.Debug|x86.Build.0 = Debug|Any CPU
		{2DAFA3FD-7C90-4F91-A101-0FA456938B62}.Release|Any CPU.ActiveCfg = Release|Any CPU
		{2DAFA3FD-7C90-4F91-A101-0FA456938B62}.Release|Any CPU.Build.0 = Release|Any CPU
		{2DAFA3FD-7C90-4F91-A101-0FA456938B62}.Release|x64.ActiveCfg = Release|Any CPU
		{2DAFA3FD-7C90-4F91-A101-0FA456938B62}.Release|x64.Build.0 = Release|Any CPU
		{2DAFA3FD-7C90-4F91-A101-0FA456938B62}.Release|x86.ActiveCfg = Release|Any CPU
		{2DAFA3FD-7C90-4F91-A101-0FA456938B62}.Release|x86.Build.0 = Release|Any CPU
		{E951A263-42E4-487E-8EFA-2CC4CCE9F30F}.Debug|Any CPU.ActiveCfg = Debug|Any CPU
		{E951A263-42E4-487E-8EFA-2CC4CCE9F30F}.Debug|Any CPU.Build.0 = Debug|Any CPU
		{E951A263-42E4-487E-8EFA-2CC4CCE9F30F}.Debug|x64.ActiveCfg = Debug|Any CPU
		{E951A263-42E4-487E-8EFA-2CC4CCE9F30F}.Debug|x64.Build.0 = Debug|Any CPU
		{E951A263-42E4-487E-8EFA-2CC4CCE9F30F}.Debug|x86.ActiveCfg = Debug|Any CPU
		{E951A263-42E4-487E-8EFA-2CC4CCE9F30F}.Debug|x86.Build.0 = Debug|Any CPU
		{E951A263-42E4-487E-8EFA-2CC4CCE9F30F}.Release|Any CPU.ActiveCfg = Release|Any CPU
		{E951A263-42E4-487E-8EFA-2CC4CCE9F30F}.Release|Any CPU.Build.0 = Release|Any CPU
		{E951A263-42E4-487E-8EFA-2CC4CCE9F30F}.Release|x64.ActiveCfg = Release|Any CPU
		{E951A263-42E4-487E-8EFA-2CC4CCE9F30F}.Release|x64.Build.0 = Release|Any CPU
		{E951A263-42E4-487E-8EFA-2CC4CCE9F30F}.Release|x86.ActiveCfg = Release|Any CPU
		{E951A263-42E4-487E-8EFA-2CC4CCE9F30F}.Release|x86.Build.0 = Release|Any CPU
		{4FB5E03E-A184-4B77-AC6E-94080D66F656}.Debug|Any CPU.ActiveCfg = Debug|Any CPU
		{4FB5E03E-A184-4B77-AC6E-94080D66F656}.Debug|Any CPU.Build.0 = Debug|Any CPU
		{4FB5E03E-A184-4B77-AC6E-94080D66F656}.Debug|x64.ActiveCfg = Debug|Any CPU
		{4FB5E03E-A184-4B77-AC6E-94080D66F656}.Debug|x64.Build.0 = Debug|Any CPU
		{4FB5E03E-A184-4B77-AC6E-94080D66F656}.Debug|x86.ActiveCfg = Debug|Any CPU
		{4FB5E03E-A184-4B77-AC6E-94080D66F656}.Debug|x86.Build.0 = Debug|Any CPU
		{4FB5E03E-A184-4B77-AC6E-94080D66F656}.Release|Any CPU.ActiveCfg = Release|Any CPU
		{4FB5E03E-A184-4B77-AC6E-94080D66F656}.Release|Any CPU.Build.0 = Release|Any CPU
		{4FB5E03E-A184-4B77-AC6E-94080D66F656}.Release|x64.ActiveCfg = Release|Any CPU
		{4FB5E03E-A184-4B77-AC6E-94080D66F656}.Release|x64.Build.0 = Release|Any CPU
		{4FB5E03E-A184-4B77-AC6E-94080D66F656}.Release|x86.ActiveCfg = Release|Any CPU
		{4FB5E03E-A184-4B77-AC6E-94080D66F656}.Release|x86.Build.0 = Release|Any CPU
	EndGlobalSection
	GlobalSection(NestedProjects) = preSolution
		{04531501-293C-4366-9B7E-05D689A7768B} = {B430CBAD-3FD9-4867-889A-23036E23DEF4}
		{D6B7F64D-EE3D-4AA1-B1FD-1C080734B413} = {3AE729E8-4BC4-477A-8817-9AEF249D1890}
		{42825E4E-58D7-43E0-815E-8C90E3657240} = {B430CBAD-3FD9-4867-889A-23036E23DEF4}
		{B2099FDD-9A8D-4F2C-858C-97F5C4DADBBD} = {3AE729E8-4BC4-477A-8817-9AEF249D1890}
		{FC8991F3-0D97-4534-A1C0-7D842381792F} = {B430CBAD-3FD9-4867-889A-23036E23DEF4}
		{2DAFA3FD-7C90-4F91-A101-0FA456938B62} = {3AE729E8-4BC4-477A-8817-9AEF249D1890}
		{E951A263-42E4-487E-8EFA-2CC4CCE9F30F} = {B430CBAD-3FD9-4867-889A-23036E23DEF4}
		{4FB5E03E-A184-4B77-AC6E-94080D66F656} = {3AE729E8-4BC4-477A-8817-9AEF249D1890}
	EndGlobalSection
EndGlobal
