
Microsoft Visual Studio Solution File, Format Version 12.00
# Visual Studio Version 16
VisualStudioVersion = 16.0.29613.14
MinimumVisualStudioVersion = 15.0.26124.0
Project("{9A19103F-16F7-4668-BE54-9A1E7A4F7556}") = "Tuples", "Tuples\Tuples.csproj", "{B9B4E93F-3EC1-4C64-921F-430410A365C0}"
EndProject
Project("{9A19103F-16F7-4668-BE54-9A1E7A4F7556}") = "Routing", "Routing\Routing.csproj", "{D31B034A-66E7-4920-BFE8-720C9D736D9A}"
EndProject
Project("{9A19103F-16F7-4668-BE54-9A1E7A4F7556}") = "Static Local Functions", "Static Local Functions\Static Local Functions.csproj", "{06950BB8-2725-4273-A885-57A052FA01C3}"
EndProject
Global
	GlobalSection(SolutionConfigurationPlatforms) = preSolution
		Debug|Any CPU = Debug|Any CPU
		Release|Any CPU = Release|Any CPU
	EndGlobalSection
	GlobalSection(ProjectConfigurationPlatforms) = postSolution
		{B9B4E93F-3EC1-4C64-921F-430410A365C0}.Debug|Any CPU.ActiveCfg = Debug|Any CPU
		{B9B4E93F-3EC1-4C64-921F-430410A365C0}.Debug|Any CPU.Build.0 = Debug|Any CPU
		{B9B4E93F-3EC1-4C64-921F-430410A365C0}.Release|Any CPU.ActiveCfg = Release|Any CPU
		{B9B4E93F-3EC1-4C64-921F-430410A365C0}.Release|Any CPU.Build.0 = Release|Any CPU
		{D31B034A-66E7-4920-BFE8-720C9D736D9A}.Debug|Any CPU.ActiveCfg = Debug|Any CPU
		{D31B034A-66E7-4920-BFE8-720C9D736D9A}.Debug|Any CPU.Build.0 = Debug|Any CPU
		{D31B034A-66E7-4920-BFE8-720C9D736D9A}.Release|Any CPU.ActiveCfg = Release|Any CPU
		{D31B034A-66E7-4920-BFE8-720C9D736D9A}.Release|Any CPU.Build.0 = Release|Any CPU
		{06950BB8-2725-4273-A885-57A052FA01C3}.Debug|Any CPU.ActiveCfg = Debug|Any CPU
		{06950BB8-2725-4273-A885-57A052FA01C3}.Debug|Any CPU.Build.0 = Debug|Any CPU
		{06950BB8-2725-4273-A885-57A052FA01C3}.Release|Any CPU.ActiveCfg = Release|Any CPU
		{06950BB8-2725-4273-A885-57A052FA01C3}.Release|Any CPU.Build.0 = Release|Any CPU
	EndGlobalSection
	GlobalSection(SolutionProperties) = preSolution
		HideSolutionNode = FALSE
	EndGlobalSection
	GlobalSection(ExtensibilityGlobals) = postSolution
		SolutionGuid = {4BD06BB3-440E-4589-8357-22626501BC5B}
	EndGlobalSection
EndGlobal
