
Microsoft Visual Studio Solution File, Format Version 12.00
# Visual Studio Version 16
VisualStudioVersion = 16.0.30114.105
MinimumVisualStudioVersion = 10.0.40219.1
Project("{FAE04EC0-301F-11D3-BF4B-00C04F79EFBC}") = "NinjaISP", "NinjaISP.csproj", "{BB42E99E-C6FE-4FD2-9C28-633A99A0DB04}"
EndProject
Global
	GlobalSection(SolutionConfigurationPlatforms) = preSolution
		Debug|Any CPU = Debug|Any CPU
		Release|Any CPU = Release|Any CPU
	EndGlobalSection
	GlobalSection(SolutionProperties) = preSolution
		HideSolutionNode = FALSE
	EndGlobalSection
	GlobalSection(ProjectConfigurationPlatforms) = postSolution
		{BB42E99E-C6FE-4FD2-9C28-633A99A0DB04}.Debug|Any CPU.ActiveCfg = Debug|Any CPU
		{BB42E99E-C6FE-4FD2-9C28-633A99A0DB04}.Debug|Any CPU.Build.0 = Debug|Any CPU
		{BB42E99E-C6FE-4FD2-9C28-633A99A0DB04}.Release|Any CPU.ActiveCfg = Release|Any CPU
		{BB42E99E-C6FE-4FD2-9C28-633A99A0DB04}.Release|Any CPU.Build.0 = Release|Any CPU
	EndGlobalSection
EndGlobal
